// !$*UTF8*$!
{
	archiveVersion = 1;
	classes = {
	};
	objectVersion = 46;
	objects = {

/* Begin PBXAggregateTarget section */
		24416B8111C4CA220047AFDD /* Build & Test */ = {
			isa = PBXAggregateTarget;
			buildConfigurationList = 24416B8A11C4CA520047AFDD /* Build configuration list for PBXAggregateTarget "Build & Test" */;
			buildPhases = (
				24416B8011C4CA220047AFDD /* ShellScript */,
			);
			dependencies = (
				24416B8511C4CA280047AFDD /* PBXTargetDependency */,
			);
			name = "Build & Test";
			productName = "Build & test";
		};
/* End PBXAggregateTarget section */

/* Begin PBXBuildFile section */
		24DD6CF91134B3F500162E58 /* TiAnimationModule.h in Headers */ = {isa = PBXBuildFile; fileRef = 24DD6CF71134B3F500162E58 /* TiAnimationModule.h */; };
		24DD6CFA1134B3F500162E58 /* TiAnimationModule.m in Sources */ = {isa = PBXBuildFile; fileRef = 24DD6CF81134B3F500162E58 /* TiAnimationModule.m */; };
		24DE9E1111C5FE74003F90F6 /* TiAnimationModuleAssets.h in Headers */ = {isa = PBXBuildFile; fileRef = 24DE9E0F11C5FE74003F90F6 /* TiAnimationModuleAssets.h */; };
		24DE9E1211C5FE74003F90F6 /* TiAnimationModuleAssets.m in Sources */ = {isa = PBXBuildFile; fileRef = 24DE9E1011C5FE74003F90F6 /* TiAnimationModuleAssets.m */; };
		656304B11F3C4A7F00281110 /* LOTAnimatableLayer.h in Headers */ = {isa = PBXBuildFile; fileRef = 656304531F3C4A7F00281110 /* LOTAnimatableLayer.h */; };
		656304B21F3C4A7F00281110 /* LOTAnimatableLayer.m in Sources */ = {isa = PBXBuildFile; fileRef = 656304541F3C4A7F00281110 /* LOTAnimatableLayer.m */; };
		656304B31F3C4A7F00281110 /* LOTCompositionLayer.h in Headers */ = {isa = PBXBuildFile; fileRef = 656304551F3C4A7F00281110 /* LOTCompositionLayer.h */; };
		656304B41F3C4A7F00281110 /* LOTCompositionLayer.m in Sources */ = {isa = PBXBuildFile; fileRef = 656304561F3C4A7F00281110 /* LOTCompositionLayer.m */; };
		656304B51F3C4A7F00281110 /* LOTEllipseShapeLayer.h in Headers */ = {isa = PBXBuildFile; fileRef = 656304571F3C4A7F00281110 /* LOTEllipseShapeLayer.h */; };
		656304B61F3C4A7F00281110 /* LOTEllipseShapeLayer.m in Sources */ = {isa = PBXBuildFile; fileRef = 656304581F3C4A7F00281110 /* LOTEllipseShapeLayer.m */; };
		656304B71F3C4A7F00281110 /* LOTGroupLayerView.h in Headers */ = {isa = PBXBuildFile; fileRef = 656304591F3C4A7F00281110 /* LOTGroupLayerView.h */; };
		656304B81F3C4A7F00281110 /* LOTGroupLayerView.m in Sources */ = {isa = PBXBuildFile; fileRef = 6563045A1F3C4A7F00281110 /* LOTGroupLayerView.m */; };
		656304B91F3C4A7F00281110 /* LOTLayerView.h in Headers */ = {isa = PBXBuildFile; fileRef = 6563045B1F3C4A7F00281110 /* LOTLayerView.h */; };
		656304BA1F3C4A7F00281110 /* LOTLayerView.m in Sources */ = {isa = PBXBuildFile; fileRef = 6563045C1F3C4A7F00281110 /* LOTLayerView.m */; };
		656304BB1F3C4A7F00281110 /* LOTMaskLayer.h in Headers */ = {isa = PBXBuildFile; fileRef = 6563045D1F3C4A7F00281110 /* LOTMaskLayer.h */; };
		656304BC1F3C4A7F00281110 /* LOTMaskLayer.m in Sources */ = {isa = PBXBuildFile; fileRef = 6563045E1F3C4A7F00281110 /* LOTMaskLayer.m */; };
		656304BD1F3C4A7F00281110 /* LOTRectShapeLayer.h in Headers */ = {isa = PBXBuildFile; fileRef = 6563045F1F3C4A7F00281110 /* LOTRectShapeLayer.h */; };
		656304BE1F3C4A7F00281110 /* LOTRectShapeLayer.m in Sources */ = {isa = PBXBuildFile; fileRef = 656304601F3C4A7F00281110 /* LOTRectShapeLayer.m */; };
		656304BF1F3C4A7F00281110 /* LOTShapeLayerView.h in Headers */ = {isa = PBXBuildFile; fileRef = 656304611F3C4A7F00281110 /* LOTShapeLayerView.h */; };
		656304C01F3C4A7F00281110 /* LOTShapeLayerView.m in Sources */ = {isa = PBXBuildFile; fileRef = 656304621F3C4A7F00281110 /* LOTShapeLayerView.m */; };
		656304C11F3C4A7F00281110 /* LOTStrokeShapeLayer.h in Headers */ = {isa = PBXBuildFile; fileRef = 656304631F3C4A7F00281110 /* LOTStrokeShapeLayer.h */; };
		656304C21F3C4A7F00281110 /* LOTStrokeShapeLayer.m in Sources */ = {isa = PBXBuildFile; fileRef = 656304641F3C4A7F00281110 /* LOTStrokeShapeLayer.m */; };
		656304C31F3C4A7F00281110 /* LOTAnimatableBoundsValue.h in Headers */ = {isa = PBXBuildFile; fileRef = 656304661F3C4A7F00281110 /* LOTAnimatableBoundsValue.h */; };
		656304C41F3C4A7F00281110 /* LOTAnimatableBoundsValue.m in Sources */ = {isa = PBXBuildFile; fileRef = 656304671F3C4A7F00281110 /* LOTAnimatableBoundsValue.m */; };
		656304C51F3C4A7F00281110 /* LOTAnimatableColorValue.h in Headers */ = {isa = PBXBuildFile; fileRef = 656304681F3C4A7F00281110 /* LOTAnimatableColorValue.h */; };
		656304C61F3C4A7F00281110 /* LOTAnimatableColorValue.m in Sources */ = {isa = PBXBuildFile; fileRef = 656304691F3C4A7F00281110 /* LOTAnimatableColorValue.m */; };
		656304C71F3C4A7F00281110 /* LOTAnimatableNumberValue.h in Headers */ = {isa = PBXBuildFile; fileRef = 6563046A1F3C4A7F00281110 /* LOTAnimatableNumberValue.h */; };
		656304C81F3C4A7F00281110 /* LOTAnimatableNumberValue.m in Sources */ = {isa = PBXBuildFile; fileRef = 6563046B1F3C4A7F00281110 /* LOTAnimatableNumberValue.m */; };
		656304C91F3C4A7F00281110 /* LOTAnimatablePointValue.h in Headers */ = {isa = PBXBuildFile; fileRef = 6563046C1F3C4A7F00281110 /* LOTAnimatablePointValue.h */; };
		656304CA1F3C4A7F00281110 /* LOTAnimatablePointValue.m in Sources */ = {isa = PBXBuildFile; fileRef = 6563046D1F3C4A7F00281110 /* LOTAnimatablePointValue.m */; };
		656304CB1F3C4A7F00281110 /* LOTAnimatableScaleValue.h in Headers */ = {isa = PBXBuildFile; fileRef = 6563046E1F3C4A7F00281110 /* LOTAnimatableScaleValue.h */; };
		656304CC1F3C4A7F00281110 /* LOTAnimatableScaleValue.m in Sources */ = {isa = PBXBuildFile; fileRef = 6563046F1F3C4A7F00281110 /* LOTAnimatableScaleValue.m */; };
		656304CD1F3C4A7F00281110 /* LOTAnimatableShapeValue.h in Headers */ = {isa = PBXBuildFile; fileRef = 656304701F3C4A7F00281110 /* LOTAnimatableShapeValue.h */; };
		656304CE1F3C4A7F00281110 /* LOTAnimatableShapeValue.m in Sources */ = {isa = PBXBuildFile; fileRef = 656304711F3C4A7F00281110 /* LOTAnimatableShapeValue.m */; };
		656304CF1F3C4A7F00281110 /* LOTAnimatableValue.h in Headers */ = {isa = PBXBuildFile; fileRef = 656304721F3C4A7F00281110 /* LOTAnimatableValue.h */; };
		656304D01F3C4A7F00281110 /* LOTAnimationCache.h in Headers */ = {isa = PBXBuildFile; fileRef = 656304741F3C4A7F00281110 /* LOTAnimationCache.h */; };
		656304D11F3C4A7F00281110 /* LOTAnimationCache.m in Sources */ = {isa = PBXBuildFile; fileRef = 656304751F3C4A7F00281110 /* LOTAnimationCache.m */; };
		656304D21F3C4A7F00281110 /* CAAnimationGroup+LOTAnimatableGroup.h in Headers */ = {isa = PBXBuildFile; fileRef = 656304771F3C4A7F00281110 /* CAAnimationGroup+LOTAnimatableGroup.h */; };
		656304D31F3C4A7F00281110 /* CAAnimationGroup+LOTAnimatableGroup.m in Sources */ = {isa = PBXBuildFile; fileRef = 656304781F3C4A7F00281110 /* CAAnimationGroup+LOTAnimatableGroup.m */; };
		656304D41F3C4A7F00281110 /* CGGeometry+LOTAdditions.h in Headers */ = {isa = PBXBuildFile; fileRef = 656304791F3C4A7F00281110 /* CGGeometry+LOTAdditions.h */; };
		656304D51F3C4A7F00281110 /* CGGeometry+LOTAdditions.m in Sources */ = {isa = PBXBuildFile; fileRef = 6563047A1F3C4A7F00281110 /* CGGeometry+LOTAdditions.m */; };
		656304D61F3C4A7F00281110 /* LOTHelpers.h in Headers */ = {isa = PBXBuildFile; fileRef = 6563047B1F3C4A7F00281110 /* LOTHelpers.h */; };
		656304D71F3C4A7F00281110 /* UIColor+Expanded.h in Headers */ = {isa = PBXBuildFile; fileRef = 6563047C1F3C4A7F00281110 /* UIColor+Expanded.h */; };
		656304D81F3C4A7F00281110 /* UIColor+Expanded.m in Sources */ = {isa = PBXBuildFile; fileRef = 6563047D1F3C4A7F00281110 /* UIColor+Expanded.m */; };
		656304D91F3C4A7F00281110 /* CADisplayLink.h in Headers */ = {isa = PBXBuildFile; fileRef = 6563047F1F3C4A7F00281110 /* CADisplayLink.h */; };
		656304DA1F3C4A7F00281110 /* CADisplayLink.m in Sources */ = {isa = PBXBuildFile; fileRef = 656304801F3C4A7F00281110 /* CADisplayLink.m */; };
		656304DB1F3C4A7F00281110 /* CALayer+Compat.h in Headers */ = {isa = PBXBuildFile; fileRef = 656304811F3C4A7F00281110 /* CALayer+Compat.h */; };
		656304DC1F3C4A7F00281110 /* CALayer+Compat.m in Sources */ = {isa = PBXBuildFile; fileRef = 656304821F3C4A7F00281110 /* CALayer+Compat.m */; };
		656304DD1F3C4A7F00281110 /* LOTPlatformCompat.h in Headers */ = {isa = PBXBuildFile; fileRef = 656304831F3C4A7F00281110 /* LOTPlatformCompat.h */; };
		656304DE1F3C4A7F00281110 /* NSValue+Compat.h in Headers */ = {isa = PBXBuildFile; fileRef = 656304841F3C4A7F00281110 /* NSValue+Compat.h */; };
		656304DF1F3C4A7F00281110 /* NSValue+Compat.m in Sources */ = {isa = PBXBuildFile; fileRef = 656304851F3C4A7F00281110 /* NSValue+Compat.m */; };
		656304E01F3C4A7F00281110 /* UIBezierPath.h in Headers */ = {isa = PBXBuildFile; fileRef = 656304861F3C4A7F00281110 /* UIBezierPath.h */; };
		656304E11F3C4A7F00281110 /* UIBezierPath.m in Sources */ = {isa = PBXBuildFile; fileRef = 656304871F3C4A7F00281110 /* UIBezierPath.m */; };
		656304E21F3C4A7F00281110 /* UIColor.h in Headers */ = {isa = PBXBuildFile; fileRef = 656304881F3C4A7F00281110 /* UIColor.h */; };
		656304E31F3C4A7F00281110 /* UIColor.m in Sources */ = {isa = PBXBuildFile; fileRef = 656304891F3C4A7F00281110 /* UIColor.m */; };
		656304E41F3C4A7F00281110 /* LOTAsset.h in Headers */ = {isa = PBXBuildFile; fileRef = 6563048B1F3C4A7F00281110 /* LOTAsset.h */; };
		656304E51F3C4A7F00281110 /* LOTAsset.m in Sources */ = {isa = PBXBuildFile; fileRef = 6563048C1F3C4A7F00281110 /* LOTAsset.m */; };
		656304E61F3C4A7F00281110 /* LOTAssetGroup.h in Headers */ = {isa = PBXBuildFile; fileRef = 6563048D1F3C4A7F00281110 /* LOTAssetGroup.h */; };
		656304E71F3C4A7F00281110 /* LOTAssetGroup.m in Sources */ = {isa = PBXBuildFile; fileRef = 6563048E1F3C4A7F00281110 /* LOTAssetGroup.m */; };
		656304E81F3C4A7F00281110 /* LOTComposition.h in Headers */ = {isa = PBXBuildFile; fileRef = 6563048F1F3C4A7F00281110 /* LOTComposition.h */; };
		656304E91F3C4A7F00281110 /* LOTComposition.m in Sources */ = {isa = PBXBuildFile; fileRef = 656304901F3C4A7F00281110 /* LOTComposition.m */; };
		656304EA1F3C4A8000281110 /* LOTLayer.h in Headers */ = {isa = PBXBuildFile; fileRef = 656304911F3C4A7F00281110 /* LOTLayer.h */; };
		656304EB1F3C4A8000281110 /* LOTLayer.m in Sources */ = {isa = PBXBuildFile; fileRef = 656304921F3C4A7F00281110 /* LOTLayer.m */; };
		656304EC1F3C4A8000281110 /* LOTLayerGroup.h in Headers */ = {isa = PBXBuildFile; fileRef = 656304931F3C4A7F00281110 /* LOTLayerGroup.h */; };
		656304ED1F3C4A8000281110 /* LOTLayerGroup.m in Sources */ = {isa = PBXBuildFile; fileRef = 656304941F3C4A7F00281110 /* LOTLayerGroup.m */; };
		656304EE1F3C4A8000281110 /* LOTMask.h in Headers */ = {isa = PBXBuildFile; fileRef = 656304951F3C4A7F00281110 /* LOTMask.h */; };
		656304EF1F3C4A8000281110 /* LOTMask.m in Sources */ = {isa = PBXBuildFile; fileRef = 656304961F3C4A7F00281110 /* LOTMask.m */; };
		656304F01F3C4A8000281110 /* LOTModels.h in Headers */ = {isa = PBXBuildFile; fileRef = 656304971F3C4A7F00281110 /* LOTModels.h */; };
		656304F11F3C4A8000281110 /* LOTShapeCircle.h in Headers */ = {isa = PBXBuildFile; fileRef = 656304981F3C4A7F00281110 /* LOTShapeCircle.h */; };
		656304F21F3C4A8000281110 /* LOTShapeCircle.m in Sources */ = {isa = PBXBuildFile; fileRef = 656304991F3C4A7F00281110 /* LOTShapeCircle.m */; };
		656304F31F3C4A8000281110 /* LOTShapeFill.h in Headers */ = {isa = PBXBuildFile; fileRef = 6563049A1F3C4A7F00281110 /* LOTShapeFill.h */; };
		656304F41F3C4A8000281110 /* LOTShapeFill.m in Sources */ = {isa = PBXBuildFile; fileRef = 6563049B1F3C4A7F00281110 /* LOTShapeFill.m */; };
		656304F51F3C4A8000281110 /* LOTShapeGroup.h in Headers */ = {isa = PBXBuildFile; fileRef = 6563049C1F3C4A7F00281110 /* LOTShapeGroup.h */; };
		656304F61F3C4A8000281110 /* LOTShapeGroup.m in Sources */ = {isa = PBXBuildFile; fileRef = 6563049D1F3C4A7F00281110 /* LOTShapeGroup.m */; };
		656304F71F3C4A8000281110 /* LOTShapePath.h in Headers */ = {isa = PBXBuildFile; fileRef = 6563049E1F3C4A7F00281110 /* LOTShapePath.h */; };
		656304F81F3C4A8000281110 /* LOTShapePath.m in Sources */ = {isa = PBXBuildFile; fileRef = 6563049F1F3C4A7F00281110 /* LOTShapePath.m */; };
		656304F91F3C4A8000281110 /* LOTShapeRectangle.h in Headers */ = {isa = PBXBuildFile; fileRef = 656304A01F3C4A7F00281110 /* LOTShapeRectangle.h */; };
		656304FA1F3C4A8000281110 /* LOTShapeRectangle.m in Sources */ = {isa = PBXBuildFile; fileRef = 656304A11F3C4A7F00281110 /* LOTShapeRectangle.m */; };
		656304FB1F3C4A8000281110 /* LOTShapeStroke.h in Headers */ = {isa = PBXBuildFile; fileRef = 656304A21F3C4A7F00281110 /* LOTShapeStroke.h */; };
		656304FC1F3C4A8000281110 /* LOTShapeStroke.m in Sources */ = {isa = PBXBuildFile; fileRef = 656304A31F3C4A7F00281110 /* LOTShapeStroke.m */; };
		656304FD1F3C4A8000281110 /* LOTShapeTransform.h in Headers */ = {isa = PBXBuildFile; fileRef = 656304A41F3C4A7F00281110 /* LOTShapeTransform.h */; };
		656304FE1F3C4A8000281110 /* LOTShapeTransform.m in Sources */ = {isa = PBXBuildFile; fileRef = 656304A51F3C4A7F00281110 /* LOTShapeTransform.m */; };
		656304FF1F3C4A8000281110 /* LOTShapeTrimPath.h in Headers */ = {isa = PBXBuildFile; fileRef = 656304A61F3C4A7F00281110 /* LOTShapeTrimPath.h */; };
		656305001F3C4A8000281110 /* LOTShapeTrimPath.m in Sources */ = {isa = PBXBuildFile; fileRef = 656304A71F3C4A7F00281110 /* LOTShapeTrimPath.m */; };
		656305011F3C4A8000281110 /* LOTAnimationTransitionController.m in Sources */ = {isa = PBXBuildFile; fileRef = 656304A91F3C4A7F00281110 /* LOTAnimationTransitionController.m */; };
		656305021F3C4A8000281110 /* LOTAnimationView.m in Sources */ = {isa = PBXBuildFile; fileRef = 656304AA1F3C4A7F00281110 /* LOTAnimationView.m */; };
		656305031F3C4A8000281110 /* LOTAnimationView_Internal.h in Headers */ = {isa = PBXBuildFile; fileRef = 656304AB1F3C4A7F00281110 /* LOTAnimationView_Internal.h */; };
		656305041F3C4A8000281110 /* LOTAnimationTransitionController.h in Headers */ = {isa = PBXBuildFile; fileRef = 656304AD1F3C4A7F00281110 /* LOTAnimationTransitionController.h */; };
		656305051F3C4A8000281110 /* LOTAnimationView.h in Headers */ = {isa = PBXBuildFile; fileRef = 656304AE1F3C4A7F00281110 /* LOTAnimationView.h */; };
		656305061F3C4A8000281110 /* LOTAnimationView_Compat.h in Headers */ = {isa = PBXBuildFile; fileRef = 656304AF1F3C4A7F00281110 /* LOTAnimationView_Compat.h */; };
		656305071F3C4A8000281110 /* Lottie.h in Headers */ = {isa = PBXBuildFile; fileRef = 656304B01F3C4A7F00281110 /* Lottie.h */; };
		AA747D9F0F9514B9006C5449 /* TiAnimation_Prefix.pch in Headers */ = {isa = PBXBuildFile; fileRef = AA747D9E0F9514B9006C5449 /* TiAnimation_Prefix.pch */; };
		AACBBE4A0F95108600F1A2B1 /* Foundation.framework in Frameworks */ = {isa = PBXBuildFile; fileRef = AACBBE490F95108600F1A2B1 /* Foundation.framework */; };
		DB9C578D1E48B77D0010BF6F /* TiAnimationLottieView.h in Headers */ = {isa = PBXBuildFile; fileRef = DB9C57471E48B77D0010BF6F /* TiAnimationLottieView.h */; };
		DB9C578E1E48B77D0010BF6F /* TiAnimationLottieView.m in Sources */ = {isa = PBXBuildFile; fileRef = DB9C57481E48B77D0010BF6F /* TiAnimationLottieView.m */; };
		DB9C578F1E48B77D0010BF6F /* TiAnimationLottieViewProxy.h in Headers */ = {isa = PBXBuildFile; fileRef = DB9C57491E48B77D0010BF6F /* TiAnimationLottieViewProxy.h */; };
		DB9C57901E48B77D0010BF6F /* TiAnimationLottieViewProxy.m in Sources */ = {isa = PBXBuildFile; fileRef = DB9C574A1E48B77D0010BF6F /* TiAnimationLottieViewProxy.m */; };
		DB9C57EC1E48BA9D0010BF6F /* TiAnimationKeyframeView.h in Headers */ = {isa = PBXBuildFile; fileRef = DB9C57C51E48BA9D0010BF6F /* TiAnimationKeyframeView.h */; };
		DB9C57ED1E48BA9D0010BF6F /* TiAnimationKeyframeView.m in Sources */ = {isa = PBXBuildFile; fileRef = DB9C57C61E48BA9D0010BF6F /* TiAnimationKeyframeView.m */; };
		DB9C57EE1E48BA9D0010BF6F /* TiAnimationKeyframeViewProxy.h in Headers */ = {isa = PBXBuildFile; fileRef = DB9C57C71E48BA9D0010BF6F /* TiAnimationKeyframeViewProxy.h */; };
		DB9C57EF1E48BA9D0010BF6F /* TiAnimationKeyframeViewProxy.m in Sources */ = {isa = PBXBuildFile; fileRef = DB9C57C81E48BA9D0010BF6F /* TiAnimationKeyframeViewProxy.m */; };
		DB9C582A1E48BCBC0010BF6F /* Compatibility.h in Headers */ = {isa = PBXBuildFile; fileRef = DB9C57F11E48BCBC0010BF6F /* Compatibility.h */; };
		DB9C582B1E48BCBC0010BF6F /* NSBezierPath+PlatformCompatibility.h in Headers */ = {isa = PBXBuildFile; fileRef = DB9C57F21E48BCBC0010BF6F /* NSBezierPath+PlatformCompatibility.h */; };
		DB9C582C1E48BCBC0010BF6F /* NSBezierPath+PlatformCompatibility.m in Sources */ = {isa = PBXBuildFile; fileRef = DB9C57F31E48BCBC0010BF6F /* NSBezierPath+PlatformCompatibility.m */; };
		DB9C582D1E48BCBC0010BF6F /* NSImage+PlatformCompatibility.h in Headers */ = {isa = PBXBuildFile; fileRef = DB9C57F41E48BCBC0010BF6F /* NSImage+PlatformCompatibility.h */; };
		DB9C582E1E48BCBC0010BF6F /* NSImage+PlatformCompatibility.m in Sources */ = {isa = PBXBuildFile; fileRef = DB9C57F51E48BCBC0010BF6F /* NSImage+PlatformCompatibility.m */; };
		DB9C582F1E48BCBC0010BF6F /* NSValue+PlatformCompatibility.h in Headers */ = {isa = PBXBuildFile; fileRef = DB9C57F61E48BCBC0010BF6F /* NSValue+PlatformCompatibility.h */; };
		DB9C58301E48BCBC0010BF6F /* NSValue+PlatformCompatibility.m in Sources */ = {isa = PBXBuildFile; fileRef = DB9C57F71E48BCBC0010BF6F /* NSValue+PlatformCompatibility.m */; };
		DB9C58311E48BCBC0010BF6F /* KFVector.h in Headers */ = {isa = PBXBuildFile; fileRef = DB9C57FA1E48BCBC0010BF6F /* KFVector.h */; };
		DB9C58321E48BCBC0010BF6F /* KFVector.m in Sources */ = {isa = PBXBuildFile; fileRef = DB9C57FB1E48BCBC0010BF6F /* KFVector.m */; };
		DB9C58331E48BCBC0010BF6F /* KFVectorAnimation.h in Headers */ = {isa = PBXBuildFile; fileRef = DB9C57FD1E48BCBC0010BF6F /* KFVectorAnimation.h */; };
		DB9C58341E48BCBC0010BF6F /* KFVectorAnimation.m in Sources */ = {isa = PBXBuildFile; fileRef = DB9C57FE1E48BCBC0010BF6F /* KFVectorAnimation.m */; };
		DB9C58351E48BCBC0010BF6F /* KFVectorAnimationGroup.h in Headers */ = {isa = PBXBuildFile; fileRef = DB9C58001E48BCBC0010BF6F /* KFVectorAnimationGroup.h */; };
		DB9C58361E48BCBC0010BF6F /* KFVectorAnimationGroup.m in Sources */ = {isa = PBXBuildFile; fileRef = DB9C58011E48BCBC0010BF6F /* KFVectorAnimationGroup.m */; };
		DB9C58371E48BCBC0010BF6F /* KFVectorAnimationKeyValue.h in Headers */ = {isa = PBXBuildFile; fileRef = DB9C58031E48BCBC0010BF6F /* KFVectorAnimationKeyValue.h */; };
		DB9C58381E48BCBC0010BF6F /* KFVectorAnimationKeyValue.m in Sources */ = {isa = PBXBuildFile; fileRef = DB9C58041E48BCBC0010BF6F /* KFVectorAnimationKeyValue.m */; };
		DB9C58391E48BCBC0010BF6F /* KFVectorFeature.h in Headers */ = {isa = PBXBuildFile; fileRef = DB9C58061E48BCBC0010BF6F /* KFVectorFeature.h */; };
		DB9C583A1E48BCBC0010BF6F /* KFVectorFeature.m in Sources */ = {isa = PBXBuildFile; fileRef = DB9C58071E48BCBC0010BF6F /* KFVectorFeature.m */; };
		DB9C583B1E48BCBC0010BF6F /* KFVectorFeatureKeyFrame.h in Headers */ = {isa = PBXBuildFile; fileRef = DB9C58091E48BCBC0010BF6F /* KFVectorFeatureKeyFrame.h */; };
		DB9C583C1E48BCBC0010BF6F /* KFVectorFeatureKeyFrame.m in Sources */ = {isa = PBXBuildFile; fileRef = DB9C580A1E48BCBC0010BF6F /* KFVectorFeatureKeyFrame.m */; };
		DB9C583D1E48BCBC0010BF6F /* KFVectorGradientEffect.h in Headers */ = {isa = PBXBuildFile; fileRef = DB9C580C1E48BCBC0010BF6F /* KFVectorGradientEffect.h */; };
		DB9C583E1E48BCBC0010BF6F /* KFVectorGradientEffect.m in Sources */ = {isa = PBXBuildFile; fileRef = DB9C580D1E48BCBC0010BF6F /* KFVectorGradientEffect.m */; };
		DB9C583F1E48BCBC0010BF6F /* KFUtilities.h in Headers */ = {isa = PBXBuildFile; fileRef = DB9C58121E48BCBC0010BF6F /* KFUtilities.h */; };
		DB9C58401E48BCBC0010BF6F /* KFUtilities.m in Sources */ = {isa = PBXBuildFile; fileRef = DB9C58131E48BCBC0010BF6F /* KFUtilities.m */; };
		DB9C58411E48BCBC0010BF6F /* KFVectorAnimationLayer.h in Headers */ = {isa = PBXBuildFile; fileRef = DB9C58151E48BCBC0010BF6F /* KFVectorAnimationLayer.h */; };
		DB9C58421E48BCBC0010BF6F /* KFVectorAnimationLayer.m in Sources */ = {isa = PBXBuildFile; fileRef = DB9C58161E48BCBC0010BF6F /* KFVectorAnimationLayer.m */; };
		DB9C58431E48BCBC0010BF6F /* KFVectorBitmapFeatureLayer.h in Headers */ = {isa = PBXBuildFile; fileRef = DB9C58171E48BCBC0010BF6F /* KFVectorBitmapFeatureLayer.h */; };
		DB9C58441E48BCBC0010BF6F /* KFVectorBitmapFeatureLayer.m in Sources */ = {isa = PBXBuildFile; fileRef = DB9C58181E48BCBC0010BF6F /* KFVectorBitmapFeatureLayer.m */; };
		DB9C58451E48BCBC0010BF6F /* KFVectorFeatureLayer.h in Headers */ = {isa = PBXBuildFile; fileRef = DB9C58191E48BCBC0010BF6F /* KFVectorFeatureLayer.h */; };
		DB9C58461E48BCBC0010BF6F /* KFVectorFeatureLayer.m in Sources */ = {isa = PBXBuildFile; fileRef = DB9C581A1E48BCBC0010BF6F /* KFVectorFeatureLayer.m */; };
		DB9C58471E48BCBC0010BF6F /* KFVectorFeatureLayerInterface.h in Headers */ = {isa = PBXBuildFile; fileRef = DB9C581B1E48BCBC0010BF6F /* KFVectorFeatureLayerInterface.h */; };
		DB9C58481E48BCBC0010BF6F /* KFVectorGradientFeatureLayer.h in Headers */ = {isa = PBXBuildFile; fileRef = DB9C581C1E48BCBC0010BF6F /* KFVectorGradientFeatureLayer.h */; };
		DB9C58491E48BCBC0010BF6F /* KFVectorGradientFeatureLayer.m in Sources */ = {isa = PBXBuildFile; fileRef = DB9C581D1E48BCBC0010BF6F /* KFVectorGradientFeatureLayer.m */; };
		DB9C584A1E48BCBC0010BF6F /* KFVectorLayer.h in Headers */ = {isa = PBXBuildFile; fileRef = DB9C581E1E48BCBC0010BF6F /* KFVectorLayer.h */; };
		DB9C584B1E48BCBC0010BF6F /* KFVectorLayer.m in Sources */ = {isa = PBXBuildFile; fileRef = DB9C581F1E48BCBC0010BF6F /* KFVectorLayer.m */; };
		DB9C584C1E48BCBC0010BF6F /* KFVectorLayerHelper.h in Headers */ = {isa = PBXBuildFile; fileRef = DB9C58201E48BCBC0010BF6F /* KFVectorLayerHelper.h */; };
		DB9C584D1E48BCBC0010BF6F /* KFVectorLayerHelper.m in Sources */ = {isa = PBXBuildFile; fileRef = DB9C58211E48BCBC0010BF6F /* KFVectorLayerHelper.m */; };
		DB9C584E1E48BCBC0010BF6F /* KFVectorBezierPathsHelper.h in Headers */ = {isa = PBXBuildFile; fileRef = DB9C58231E48BCBC0010BF6F /* KFVectorBezierPathsHelper.h */; };
		DB9C584F1E48BCBC0010BF6F /* KFVectorBezierPathsHelper.m in Sources */ = {isa = PBXBuildFile; fileRef = DB9C58241E48BCBC0010BF6F /* KFVectorBezierPathsHelper.m */; };
		DB9C58501E48BCBC0010BF6F /* KFVectorParsingHelper.h in Headers */ = {isa = PBXBuildFile; fileRef = DB9C58251E48BCBC0010BF6F /* KFVectorParsingHelper.h */; };
		DB9C58511E48BCBC0010BF6F /* KFVectorParsingHelper.m in Sources */ = {isa = PBXBuildFile; fileRef = DB9C58261E48BCBC0010BF6F /* KFVectorParsingHelper.m */; };
		DB9C58521E48BCBC0010BF6F /* KFVectorView.h in Headers */ = {isa = PBXBuildFile; fileRef = DB9C58281E48BCBC0010BF6F /* KFVectorView.h */; };
		DB9C58531E48BCBC0010BF6F /* KFVectorView.m in Sources */ = {isa = PBXBuildFile; fileRef = DB9C58291E48BCBC0010BF6F /* KFVectorView.m */; };
/* End PBXBuildFile section */

/* Begin PBXContainerItemProxy section */
		24416B8411C4CA280047AFDD /* PBXContainerItemProxy */ = {
			isa = PBXContainerItemProxy;
			containerPortal = 0867D690FE84028FC02AAC07 /* Project object */;
			proxyType = 1;
			remoteGlobalIDString = D2AAC07D0554694100DB518D;
			remoteInfo = ti.animation;
		};
/* End PBXContainerItemProxy section */

/* Begin PBXFileReference section */
		24DD6CF71134B3F500162E58 /* TiAnimationModule.h */ = {isa = PBXFileReference; fileEncoding = 4; lastKnownFileType = sourcecode.c.h; name = TiAnimationModule.h; path = Classes/TiAnimationModule.h; sourceTree = "<group>"; };
		24DD6CF81134B3F500162E58 /* TiAnimationModule.m */ = {isa = PBXFileReference; fileEncoding = 4; lastKnownFileType = sourcecode.c.objc; name = TiAnimationModule.m; path = Classes/TiAnimationModule.m; sourceTree = "<group>"; };
		24DD6D1B1134B66800162E58 /* titanium.xcconfig */ = {isa = PBXFileReference; fileEncoding = 4; lastKnownFileType = text.xcconfig; path = titanium.xcconfig; sourceTree = "<group>"; };
		24DE9E0F11C5FE74003F90F6 /* TiAnimationModuleAssets.h */ = {isa = PBXFileReference; fileEncoding = 4; lastKnownFileType = sourcecode.c.h; name = TiAnimationModuleAssets.h; path = Classes/TiAnimationModuleAssets.h; sourceTree = "<group>"; };
		24DE9E1011C5FE74003F90F6 /* TiAnimationModuleAssets.m */ = {isa = PBXFileReference; fileEncoding = 4; lastKnownFileType = sourcecode.c.objc; name = TiAnimationModuleAssets.m; path = Classes/TiAnimationModuleAssets.m; sourceTree = "<group>"; };
		656304531F3C4A7F00281110 /* LOTAnimatableLayer.h */ = {isa = PBXFileReference; fileEncoding = 4; lastKnownFileType = sourcecode.c.h; path = LOTAnimatableLayer.h; sourceTree = "<group>"; };
		656304541F3C4A7F00281110 /* LOTAnimatableLayer.m */ = {isa = PBXFileReference; fileEncoding = 4; lastKnownFileType = sourcecode.c.objc; path = LOTAnimatableLayer.m; sourceTree = "<group>"; };
		656304551F3C4A7F00281110 /* LOTCompositionLayer.h */ = {isa = PBXFileReference; fileEncoding = 4; lastKnownFileType = sourcecode.c.h; path = LOTCompositionLayer.h; sourceTree = "<group>"; };
		656304561F3C4A7F00281110 /* LOTCompositionLayer.m */ = {isa = PBXFileReference; fileEncoding = 4; lastKnownFileType = sourcecode.c.objc; path = LOTCompositionLayer.m; sourceTree = "<group>"; };
		656304571F3C4A7F00281110 /* LOTEllipseShapeLayer.h */ = {isa = PBXFileReference; fileEncoding = 4; lastKnownFileType = sourcecode.c.h; path = LOTEllipseShapeLayer.h; sourceTree = "<group>"; };
		656304581F3C4A7F00281110 /* LOTEllipseShapeLayer.m */ = {isa = PBXFileReference; fileEncoding = 4; lastKnownFileType = sourcecode.c.objc; path = LOTEllipseShapeLayer.m; sourceTree = "<group>"; };
		656304591F3C4A7F00281110 /* LOTGroupLayerView.h */ = {isa = PBXFileReference; fileEncoding = 4; lastKnownFileType = sourcecode.c.h; path = LOTGroupLayerView.h; sourceTree = "<group>"; };
		6563045A1F3C4A7F00281110 /* LOTGroupLayerView.m */ = {isa = PBXFileReference; fileEncoding = 4; lastKnownFileType = sourcecode.c.objc; path = LOTGroupLayerView.m; sourceTree = "<group>"; };
		6563045B1F3C4A7F00281110 /* LOTLayerView.h */ = {isa = PBXFileReference; fileEncoding = 4; lastKnownFileType = sourcecode.c.h; path = LOTLayerView.h; sourceTree = "<group>"; };
		6563045C1F3C4A7F00281110 /* LOTLayerView.m */ = {isa = PBXFileReference; fileEncoding = 4; lastKnownFileType = sourcecode.c.objc; path = LOTLayerView.m; sourceTree = "<group>"; };
		6563045D1F3C4A7F00281110 /* LOTMaskLayer.h */ = {isa = PBXFileReference; fileEncoding = 4; lastKnownFileType = sourcecode.c.h; path = LOTMaskLayer.h; sourceTree = "<group>"; };
		6563045E1F3C4A7F00281110 /* LOTMaskLayer.m */ = {isa = PBXFileReference; fileEncoding = 4; lastKnownFileType = sourcecode.c.objc; path = LOTMaskLayer.m; sourceTree = "<group>"; };
		6563045F1F3C4A7F00281110 /* LOTRectShapeLayer.h */ = {isa = PBXFileReference; fileEncoding = 4; lastKnownFileType = sourcecode.c.h; path = LOTRectShapeLayer.h; sourceTree = "<group>"; };
		656304601F3C4A7F00281110 /* LOTRectShapeLayer.m */ = {isa = PBXFileReference; fileEncoding = 4; lastKnownFileType = sourcecode.c.objc; path = LOTRectShapeLayer.m; sourceTree = "<group>"; };
		656304611F3C4A7F00281110 /* LOTShapeLayerView.h */ = {isa = PBXFileReference; fileEncoding = 4; lastKnownFileType = sourcecode.c.h; path = LOTShapeLayerView.h; sourceTree = "<group>"; };
		656304621F3C4A7F00281110 /* LOTShapeLayerView.m */ = {isa = PBXFileReference; fileEncoding = 4; lastKnownFileType = sourcecode.c.objc; path = LOTShapeLayerView.m; sourceTree = "<group>"; };
		656304631F3C4A7F00281110 /* LOTStrokeShapeLayer.h */ = {isa = PBXFileReference; fileEncoding = 4; lastKnownFileType = sourcecode.c.h; path = LOTStrokeShapeLayer.h; sourceTree = "<group>"; };
		656304641F3C4A7F00281110 /* LOTStrokeShapeLayer.m */ = {isa = PBXFileReference; fileEncoding = 4; lastKnownFileType = sourcecode.c.objc; path = LOTStrokeShapeLayer.m; sourceTree = "<group>"; };
		656304661F3C4A7F00281110 /* LOTAnimatableBoundsValue.h */ = {isa = PBXFileReference; fileEncoding = 4; lastKnownFileType = sourcecode.c.h; path = LOTAnimatableBoundsValue.h; sourceTree = "<group>"; };
		656304671F3C4A7F00281110 /* LOTAnimatableBoundsValue.m */ = {isa = PBXFileReference; fileEncoding = 4; lastKnownFileType = sourcecode.c.objc; path = LOTAnimatableBoundsValue.m; sourceTree = "<group>"; };
		656304681F3C4A7F00281110 /* LOTAnimatableColorValue.h */ = {isa = PBXFileReference; fileEncoding = 4; lastKnownFileType = sourcecode.c.h; path = LOTAnimatableColorValue.h; sourceTree = "<group>"; };
		656304691F3C4A7F00281110 /* LOTAnimatableColorValue.m */ = {isa = PBXFileReference; fileEncoding = 4; lastKnownFileType = sourcecode.c.objc; path = LOTAnimatableColorValue.m; sourceTree = "<group>"; };
		6563046A1F3C4A7F00281110 /* LOTAnimatableNumberValue.h */ = {isa = PBXFileReference; fileEncoding = 4; lastKnownFileType = sourcecode.c.h; path = LOTAnimatableNumberValue.h; sourceTree = "<group>"; };
		6563046B1F3C4A7F00281110 /* LOTAnimatableNumberValue.m */ = {isa = PBXFileReference; fileEncoding = 4; lastKnownFileType = sourcecode.c.objc; path = LOTAnimatableNumberValue.m; sourceTree = "<group>"; };
		6563046C1F3C4A7F00281110 /* LOTAnimatablePointValue.h */ = {isa = PBXFileReference; fileEncoding = 4; lastKnownFileType = sourcecode.c.h; path = LOTAnimatablePointValue.h; sourceTree = "<group>"; };
		6563046D1F3C4A7F00281110 /* LOTAnimatablePointValue.m */ = {isa = PBXFileReference; fileEncoding = 4; lastKnownFileType = sourcecode.c.objc; path = LOTAnimatablePointValue.m; sourceTree = "<group>"; };
		6563046E1F3C4A7F00281110 /* LOTAnimatableScaleValue.h */ = {isa = PBXFileReference; fileEncoding = 4; lastKnownFileType = sourcecode.c.h; path = LOTAnimatableScaleValue.h; sourceTree = "<group>"; };
		6563046F1F3C4A7F00281110 /* LOTAnimatableScaleValue.m */ = {isa = PBXFileReference; fileEncoding = 4; lastKnownFileType = sourcecode.c.objc; path = LOTAnimatableScaleValue.m; sourceTree = "<group>"; };
		656304701F3C4A7F00281110 /* LOTAnimatableShapeValue.h */ = {isa = PBXFileReference; fileEncoding = 4; lastKnownFileType = sourcecode.c.h; path = LOTAnimatableShapeValue.h; sourceTree = "<group>"; };
		656304711F3C4A7F00281110 /* LOTAnimatableShapeValue.m */ = {isa = PBXFileReference; fileEncoding = 4; lastKnownFileType = sourcecode.c.objc; path = LOTAnimatableShapeValue.m; sourceTree = "<group>"; };
		656304721F3C4A7F00281110 /* LOTAnimatableValue.h */ = {isa = PBXFileReference; fileEncoding = 4; lastKnownFileType = sourcecode.c.h; path = LOTAnimatableValue.h; sourceTree = "<group>"; };
		656304741F3C4A7F00281110 /* LOTAnimationCache.h */ = {isa = PBXFileReference; fileEncoding = 4; lastKnownFileType = sourcecode.c.h; path = LOTAnimationCache.h; sourceTree = "<group>"; };
		656304751F3C4A7F00281110 /* LOTAnimationCache.m */ = {isa = PBXFileReference; fileEncoding = 4; lastKnownFileType = sourcecode.c.objc; path = LOTAnimationCache.m; sourceTree = "<group>"; };
		656304771F3C4A7F00281110 /* CAAnimationGroup+LOTAnimatableGroup.h */ = {isa = PBXFileReference; fileEncoding = 4; lastKnownFileType = sourcecode.c.h; path = "CAAnimationGroup+LOTAnimatableGroup.h"; sourceTree = "<group>"; };
		656304781F3C4A7F00281110 /* CAAnimationGroup+LOTAnimatableGroup.m */ = {isa = PBXFileReference; fileEncoding = 4; lastKnownFileType = sourcecode.c.objc; path = "CAAnimationGroup+LOTAnimatableGroup.m"; sourceTree = "<group>"; };
		656304791F3C4A7F00281110 /* CGGeometry+LOTAdditions.h */ = {isa = PBXFileReference; fileEncoding = 4; lastKnownFileType = sourcecode.c.h; path = "CGGeometry+LOTAdditions.h"; sourceTree = "<group>"; };
		6563047A1F3C4A7F00281110 /* CGGeometry+LOTAdditions.m */ = {isa = PBXFileReference; fileEncoding = 4; lastKnownFileType = sourcecode.c.objc; path = "CGGeometry+LOTAdditions.m"; sourceTree = "<group>"; };
		6563047B1F3C4A7F00281110 /* LOTHelpers.h */ = {isa = PBXFileReference; fileEncoding = 4; lastKnownFileType = sourcecode.c.h; path = LOTHelpers.h; sourceTree = "<group>"; };
		6563047C1F3C4A7F00281110 /* UIColor+Expanded.h */ = {isa = PBXFileReference; fileEncoding = 4; lastKnownFileType = sourcecode.c.h; path = "UIColor+Expanded.h"; sourceTree = "<group>"; };
		6563047D1F3C4A7F00281110 /* UIColor+Expanded.m */ = {isa = PBXFileReference; fileEncoding = 4; lastKnownFileType = sourcecode.c.objc; path = "UIColor+Expanded.m"; sourceTree = "<group>"; };
		6563047F1F3C4A7F00281110 /* CADisplayLink.h */ = {isa = PBXFileReference; fileEncoding = 4; lastKnownFileType = sourcecode.c.h; path = CADisplayLink.h; sourceTree = "<group>"; };
		656304801F3C4A7F00281110 /* CADisplayLink.m */ = {isa = PBXFileReference; fileEncoding = 4; lastKnownFileType = sourcecode.c.objc; path = CADisplayLink.m; sourceTree = "<group>"; };
		656304811F3C4A7F00281110 /* CALayer+Compat.h */ = {isa = PBXFileReference; fileEncoding = 4; lastKnownFileType = sourcecode.c.h; path = "CALayer+Compat.h"; sourceTree = "<group>"; };
		656304821F3C4A7F00281110 /* CALayer+Compat.m */ = {isa = PBXFileReference; fileEncoding = 4; lastKnownFileType = sourcecode.c.objc; path = "CALayer+Compat.m"; sourceTree = "<group>"; };
		656304831F3C4A7F00281110 /* LOTPlatformCompat.h */ = {isa = PBXFileReference; fileEncoding = 4; lastKnownFileType = sourcecode.c.h; path = LOTPlatformCompat.h; sourceTree = "<group>"; };
		656304841F3C4A7F00281110 /* NSValue+Compat.h */ = {isa = PBXFileReference; fileEncoding = 4; lastKnownFileType = sourcecode.c.h; path = "NSValue+Compat.h"; sourceTree = "<group>"; };
		656304851F3C4A7F00281110 /* NSValue+Compat.m */ = {isa = PBXFileReference; fileEncoding = 4; lastKnownFileType = sourcecode.c.objc; path = "NSValue+Compat.m"; sourceTree = "<group>"; };
		656304861F3C4A7F00281110 /* UIBezierPath.h */ = {isa = PBXFileReference; fileEncoding = 4; lastKnownFileType = sourcecode.c.h; path = UIBezierPath.h; sourceTree = "<group>"; };
		656304871F3C4A7F00281110 /* UIBezierPath.m */ = {isa = PBXFileReference; fileEncoding = 4; lastKnownFileType = sourcecode.c.objc; path = UIBezierPath.m; sourceTree = "<group>"; };
		656304881F3C4A7F00281110 /* UIColor.h */ = {isa = PBXFileReference; fileEncoding = 4; lastKnownFileType = sourcecode.c.h; path = UIColor.h; sourceTree = "<group>"; };
		656304891F3C4A7F00281110 /* UIColor.m */ = {isa = PBXFileReference; fileEncoding = 4; lastKnownFileType = sourcecode.c.objc; path = UIColor.m; sourceTree = "<group>"; };
		6563048B1F3C4A7F00281110 /* LOTAsset.h */ = {isa = PBXFileReference; fileEncoding = 4; lastKnownFileType = sourcecode.c.h; path = LOTAsset.h; sourceTree = "<group>"; };
		6563048C1F3C4A7F00281110 /* LOTAsset.m */ = {isa = PBXFileReference; fileEncoding = 4; lastKnownFileType = sourcecode.c.objc; path = LOTAsset.m; sourceTree = "<group>"; };
		6563048D1F3C4A7F00281110 /* LOTAssetGroup.h */ = {isa = PBXFileReference; fileEncoding = 4; lastKnownFileType = sourcecode.c.h; path = LOTAssetGroup.h; sourceTree = "<group>"; };
		6563048E1F3C4A7F00281110 /* LOTAssetGroup.m */ = {isa = PBXFileReference; fileEncoding = 4; lastKnownFileType = sourcecode.c.objc; path = LOTAssetGroup.m; sourceTree = "<group>"; };
		6563048F1F3C4A7F00281110 /* LOTComposition.h */ = {isa = PBXFileReference; fileEncoding = 4; lastKnownFileType = sourcecode.c.h; path = LOTComposition.h; sourceTree = "<group>"; };
		656304901F3C4A7F00281110 /* LOTComposition.m */ = {isa = PBXFileReference; fileEncoding = 4; lastKnownFileType = sourcecode.c.objc; path = LOTComposition.m; sourceTree = "<group>"; };
		656304911F3C4A7F00281110 /* LOTLayer.h */ = {isa = PBXFileReference; fileEncoding = 4; lastKnownFileType = sourcecode.c.h; path = LOTLayer.h; sourceTree = "<group>"; };
		656304921F3C4A7F00281110 /* LOTLayer.m */ = {isa = PBXFileReference; fileEncoding = 4; lastKnownFileType = sourcecode.c.objc; path = LOTLayer.m; sourceTree = "<group>"; };
		656304931F3C4A7F00281110 /* LOTLayerGroup.h */ = {isa = PBXFileReference; fileEncoding = 4; lastKnownFileType = sourcecode.c.h; path = LOTLayerGroup.h; sourceTree = "<group>"; };
		656304941F3C4A7F00281110 /* LOTLayerGroup.m */ = {isa = PBXFileReference; fileEncoding = 4; lastKnownFileType = sourcecode.c.objc; path = LOTLayerGroup.m; sourceTree = "<group>"; };
		656304951F3C4A7F00281110 /* LOTMask.h */ = {isa = PBXFileReference; fileEncoding = 4; lastKnownFileType = sourcecode.c.h; path = LOTMask.h; sourceTree = "<group>"; };
		656304961F3C4A7F00281110 /* LOTMask.m */ = {isa = PBXFileReference; fileEncoding = 4; lastKnownFileType = sourcecode.c.objc; path = LOTMask.m; sourceTree = "<group>"; };
		656304971F3C4A7F00281110 /* LOTModels.h */ = {isa = PBXFileReference; fileEncoding = 4; lastKnownFileType = sourcecode.c.h; path = LOTModels.h; sourceTree = "<group>"; };
		656304981F3C4A7F00281110 /* LOTShapeCircle.h */ = {isa = PBXFileReference; fileEncoding = 4; lastKnownFileType = sourcecode.c.h; path = LOTShapeCircle.h; sourceTree = "<group>"; };
		656304991F3C4A7F00281110 /* LOTShapeCircle.m */ = {isa = PBXFileReference; fileEncoding = 4; lastKnownFileType = sourcecode.c.objc; path = LOTShapeCircle.m; sourceTree = "<group>"; };
		6563049A1F3C4A7F00281110 /* LOTShapeFill.h */ = {isa = PBXFileReference; fileEncoding = 4; lastKnownFileType = sourcecode.c.h; path = LOTShapeFill.h; sourceTree = "<group>"; };
		6563049B1F3C4A7F00281110 /* LOTShapeFill.m */ = {isa = PBXFileReference; fileEncoding = 4; lastKnownFileType = sourcecode.c.objc; path = LOTShapeFill.m; sourceTree = "<group>"; };
		6563049C1F3C4A7F00281110 /* LOTShapeGroup.h */ = {isa = PBXFileReference; fileEncoding = 4; lastKnownFileType = sourcecode.c.h; path = LOTShapeGroup.h; sourceTree = "<group>"; };
		6563049D1F3C4A7F00281110 /* LOTShapeGroup.m */ = {isa = PBXFileReference; fileEncoding = 4; lastKnownFileType = sourcecode.c.objc; path = LOTShapeGroup.m; sourceTree = "<group>"; };
		6563049E1F3C4A7F00281110 /* LOTShapePath.h */ = {isa = PBXFileReference; fileEncoding = 4; lastKnownFileType = sourcecode.c.h; path = LOTShapePath.h; sourceTree = "<group>"; };
		6563049F1F3C4A7F00281110 /* LOTShapePath.m */ = {isa = PBXFileReference; fileEncoding = 4; lastKnownFileType = sourcecode.c.objc; path = LOTShapePath.m; sourceTree = "<group>"; };
		656304A01F3C4A7F00281110 /* LOTShapeRectangle.h */ = {isa = PBXFileReference; fileEncoding = 4; lastKnownFileType = sourcecode.c.h; path = LOTShapeRectangle.h; sourceTree = "<group>"; };
		656304A11F3C4A7F00281110 /* LOTShapeRectangle.m */ = {isa = PBXFileReference; fileEncoding = 4; lastKnownFileType = sourcecode.c.objc; path = LOTShapeRectangle.m; sourceTree = "<group>"; };
		656304A21F3C4A7F00281110 /* LOTShapeStroke.h */ = {isa = PBXFileReference; fileEncoding = 4; lastKnownFileType = sourcecode.c.h; path = LOTShapeStroke.h; sourceTree = "<group>"; };
		656304A31F3C4A7F00281110 /* LOTShapeStroke.m */ = {isa = PBXFileReference; fileEncoding = 4; lastKnownFileType = sourcecode.c.objc; path = LOTShapeStroke.m; sourceTree = "<group>"; };
		656304A41F3C4A7F00281110 /* LOTShapeTransform.h */ = {isa = PBXFileReference; fileEncoding = 4; lastKnownFileType = sourcecode.c.h; path = LOTShapeTransform.h; sourceTree = "<group>"; };
		656304A51F3C4A7F00281110 /* LOTShapeTransform.m */ = {isa = PBXFileReference; fileEncoding = 4; lastKnownFileType = sourcecode.c.objc; path = LOTShapeTransform.m; sourceTree = "<group>"; };
		656304A61F3C4A7F00281110 /* LOTShapeTrimPath.h */ = {isa = PBXFileReference; fileEncoding = 4; lastKnownFileType = sourcecode.c.h; path = LOTShapeTrimPath.h; sourceTree = "<group>"; };
		656304A71F3C4A7F00281110 /* LOTShapeTrimPath.m */ = {isa = PBXFileReference; fileEncoding = 4; lastKnownFileType = sourcecode.c.objc; path = LOTShapeTrimPath.m; sourceTree = "<group>"; };
		656304A91F3C4A7F00281110 /* LOTAnimationTransitionController.m */ = {isa = PBXFileReference; fileEncoding = 4; lastKnownFileType = sourcecode.c.objc; path = LOTAnimationTransitionController.m; sourceTree = "<group>"; };
		656304AA1F3C4A7F00281110 /* LOTAnimationView.m */ = {isa = PBXFileReference; fileEncoding = 4; lastKnownFileType = sourcecode.c.objc; path = LOTAnimationView.m; sourceTree = "<group>"; };
		656304AB1F3C4A7F00281110 /* LOTAnimationView_Internal.h */ = {isa = PBXFileReference; fileEncoding = 4; lastKnownFileType = sourcecode.c.h; path = LOTAnimationView_Internal.h; sourceTree = "<group>"; };
		656304AD1F3C4A7F00281110 /* LOTAnimationTransitionController.h */ = {isa = PBXFileReference; fileEncoding = 4; lastKnownFileType = sourcecode.c.h; path = LOTAnimationTransitionController.h; sourceTree = "<group>"; };
		656304AE1F3C4A7F00281110 /* LOTAnimationView.h */ = {isa = PBXFileReference; fileEncoding = 4; lastKnownFileType = sourcecode.c.h; path = LOTAnimationView.h; sourceTree = "<group>"; };
		656304AF1F3C4A7F00281110 /* LOTAnimationView_Compat.h */ = {isa = PBXFileReference; fileEncoding = 4; lastKnownFileType = sourcecode.c.h; path = LOTAnimationView_Compat.h; sourceTree = "<group>"; };
		656304B01F3C4A7F00281110 /* Lottie.h */ = {isa = PBXFileReference; fileEncoding = 4; lastKnownFileType = sourcecode.c.h; path = Lottie.h; sourceTree = "<group>"; };
		AA747D9E0F9514B9006C5449 /* TiAnimation_Prefix.pch */ = {isa = PBXFileReference; fileEncoding = 4; lastKnownFileType = sourcecode.c.h; path = TiAnimation_Prefix.pch; sourceTree = SOURCE_ROOT; };
		AACBBE490F95108600F1A2B1 /* Foundation.framework */ = {isa = PBXFileReference; lastKnownFileType = wrapper.framework; name = Foundation.framework; path = System/Library/Frameworks/Foundation.framework; sourceTree = SDKROOT; };
		D2AAC07E0554694100DB518D /* libti.animation.a */ = {isa = PBXFileReference; explicitFileType = archive.ar; includeInIndex = 0; path = libti.animation.a; sourceTree = BUILT_PRODUCTS_DIR; };
		DB9C57471E48B77D0010BF6F /* TiAnimationLottieView.h */ = {isa = PBXFileReference; fileEncoding = 4; lastKnownFileType = sourcecode.c.h; path = TiAnimationLottieView.h; sourceTree = "<group>"; };
		DB9C57481E48B77D0010BF6F /* TiAnimationLottieView.m */ = {isa = PBXFileReference; fileEncoding = 4; lastKnownFileType = sourcecode.c.objc; path = TiAnimationLottieView.m; sourceTree = "<group>"; };
		DB9C57491E48B77D0010BF6F /* TiAnimationLottieViewProxy.h */ = {isa = PBXFileReference; fileEncoding = 4; lastKnownFileType = sourcecode.c.h; path = TiAnimationLottieViewProxy.h; sourceTree = "<group>"; };
		DB9C574A1E48B77D0010BF6F /* TiAnimationLottieViewProxy.m */ = {isa = PBXFileReference; fileEncoding = 4; lastKnownFileType = sourcecode.c.objc; path = TiAnimationLottieViewProxy.m; sourceTree = "<group>"; };
		DB9C57C51E48BA9D0010BF6F /* TiAnimationKeyframeView.h */ = {isa = PBXFileReference; fileEncoding = 4; lastKnownFileType = sourcecode.c.h; name = TiAnimationKeyframeView.h; path = Classes/Keyframes/TiAnimationKeyframeView.h; sourceTree = "<group>"; };
		DB9C57C61E48BA9D0010BF6F /* TiAnimationKeyframeView.m */ = {isa = PBXFileReference; fileEncoding = 4; lastKnownFileType = sourcecode.c.objc; name = TiAnimationKeyframeView.m; path = Classes/Keyframes/TiAnimationKeyframeView.m; sourceTree = "<group>"; };
		DB9C57C71E48BA9D0010BF6F /* TiAnimationKeyframeViewProxy.h */ = {isa = PBXFileReference; fileEncoding = 4; lastKnownFileType = sourcecode.c.h; name = TiAnimationKeyframeViewProxy.h; path = Classes/Keyframes/TiAnimationKeyframeViewProxy.h; sourceTree = "<group>"; };
		DB9C57C81E48BA9D0010BF6F /* TiAnimationKeyframeViewProxy.m */ = {isa = PBXFileReference; fileEncoding = 4; lastKnownFileType = sourcecode.c.objc; name = TiAnimationKeyframeViewProxy.m; path = Classes/Keyframes/TiAnimationKeyframeViewProxy.m; sourceTree = "<group>"; };
		DB9C57F11E48BCBC0010BF6F /* Compatibility.h */ = {isa = PBXFileReference; fileEncoding = 4; lastKnownFileType = sourcecode.c.h; path = Compatibility.h; sourceTree = "<group>"; };
		DB9C57F21E48BCBC0010BF6F /* NSBezierPath+PlatformCompatibility.h */ = {isa = PBXFileReference; fileEncoding = 4; lastKnownFileType = sourcecode.c.h; path = "NSBezierPath+PlatformCompatibility.h"; sourceTree = "<group>"; };
		DB9C57F31E48BCBC0010BF6F /* NSBezierPath+PlatformCompatibility.m */ = {isa = PBXFileReference; fileEncoding = 4; lastKnownFileType = sourcecode.c.objc; path = "NSBezierPath+PlatformCompatibility.m"; sourceTree = "<group>"; };
		DB9C57F41E48BCBC0010BF6F /* NSImage+PlatformCompatibility.h */ = {isa = PBXFileReference; fileEncoding = 4; lastKnownFileType = sourcecode.c.h; path = "NSImage+PlatformCompatibility.h"; sourceTree = "<group>"; };
		DB9C57F51E48BCBC0010BF6F /* NSImage+PlatformCompatibility.m */ = {isa = PBXFileReference; fileEncoding = 4; lastKnownFileType = sourcecode.c.objc; path = "NSImage+PlatformCompatibility.m"; sourceTree = "<group>"; };
		DB9C57F61E48BCBC0010BF6F /* NSValue+PlatformCompatibility.h */ = {isa = PBXFileReference; fileEncoding = 4; lastKnownFileType = sourcecode.c.h; path = "NSValue+PlatformCompatibility.h"; sourceTree = "<group>"; };
		DB9C57F71E48BCBC0010BF6F /* NSValue+PlatformCompatibility.m */ = {isa = PBXFileReference; fileEncoding = 4; lastKnownFileType = sourcecode.c.objc; path = "NSValue+PlatformCompatibility.m"; sourceTree = "<group>"; };
		DB9C57F91E48BCBC0010BF6F /* .valueObjectConfig */ = {isa = PBXFileReference; fileEncoding = 4; lastKnownFileType = text; path = .valueObjectConfig; sourceTree = "<group>"; };
		DB9C57FA1E48BCBC0010BF6F /* KFVector.h */ = {isa = PBXFileReference; fileEncoding = 4; lastKnownFileType = sourcecode.c.h; path = KFVector.h; sourceTree = "<group>"; };
		DB9C57FB1E48BCBC0010BF6F /* KFVector.m */ = {isa = PBXFileReference; fileEncoding = 4; lastKnownFileType = sourcecode.c.objc; path = KFVector.m; sourceTree = "<group>"; };
		DB9C57FC1E48BCBC0010BF6F /* KFVector.value */ = {isa = PBXFileReference; fileEncoding = 4; lastKnownFileType = text; path = KFVector.value; sourceTree = "<group>"; };
		DB9C57FD1E48BCBC0010BF6F /* KFVectorAnimation.h */ = {isa = PBXFileReference; fileEncoding = 4; lastKnownFileType = sourcecode.c.h; path = KFVectorAnimation.h; sourceTree = "<group>"; };
		DB9C57FE1E48BCBC0010BF6F /* KFVectorAnimation.m */ = {isa = PBXFileReference; fileEncoding = 4; lastKnownFileType = sourcecode.c.objc; path = KFVectorAnimation.m; sourceTree = "<group>"; };
		DB9C57FF1E48BCBC0010BF6F /* KFVectorAnimation.value */ = {isa = PBXFileReference; fileEncoding = 4; lastKnownFileType = text; path = KFVectorAnimation.value; sourceTree = "<group>"; };
		DB9C58001E48BCBC0010BF6F /* KFVectorAnimationGroup.h */ = {isa = PBXFileReference; fileEncoding = 4; lastKnownFileType = sourcecode.c.h; path = KFVectorAnimationGroup.h; sourceTree = "<group>"; };
		DB9C58011E48BCBC0010BF6F /* KFVectorAnimationGroup.m */ = {isa = PBXFileReference; fileEncoding = 4; lastKnownFileType = sourcecode.c.objc; path = KFVectorAnimationGroup.m; sourceTree = "<group>"; };
		DB9C58021E48BCBC0010BF6F /* KFVectorAnimationGroup.value */ = {isa = PBXFileReference; fileEncoding = 4; lastKnownFileType = text; path = KFVectorAnimationGroup.value; sourceTree = "<group>"; };
		DB9C58031E48BCBC0010BF6F /* KFVectorAnimationKeyValue.h */ = {isa = PBXFileReference; fileEncoding = 4; lastKnownFileType = sourcecode.c.h; path = KFVectorAnimationKeyValue.h; sourceTree = "<group>"; };
		DB9C58041E48BCBC0010BF6F /* KFVectorAnimationKeyValue.m */ = {isa = PBXFileReference; fileEncoding = 4; lastKnownFileType = sourcecode.c.objc; path = KFVectorAnimationKeyValue.m; sourceTree = "<group>"; };
		DB9C58051E48BCBC0010BF6F /* KFVectorAnimationKeyValue.value */ = {isa = PBXFileReference; fileEncoding = 4; lastKnownFileType = text; path = KFVectorAnimationKeyValue.value; sourceTree = "<group>"; };
		DB9C58061E48BCBC0010BF6F /* KFVectorFeature.h */ = {isa = PBXFileReference; fileEncoding = 4; lastKnownFileType = sourcecode.c.h; path = KFVectorFeature.h; sourceTree = "<group>"; };
		DB9C58071E48BCBC0010BF6F /* KFVectorFeature.m */ = {isa = PBXFileReference; fileEncoding = 4; lastKnownFileType = sourcecode.c.objc; path = KFVectorFeature.m; sourceTree = "<group>"; };
		DB9C58081E48BCBC0010BF6F /* KFVectorFeature.value */ = {isa = PBXFileReference; fileEncoding = 4; lastKnownFileType = text; path = KFVectorFeature.value; sourceTree = "<group>"; };
		DB9C58091E48BCBC0010BF6F /* KFVectorFeatureKeyFrame.h */ = {isa = PBXFileReference; fileEncoding = 4; lastKnownFileType = sourcecode.c.h; path = KFVectorFeatureKeyFrame.h; sourceTree = "<group>"; };
		DB9C580A1E48BCBC0010BF6F /* KFVectorFeatureKeyFrame.m */ = {isa = PBXFileReference; fileEncoding = 4; lastKnownFileType = sourcecode.c.objc; path = KFVectorFeatureKeyFrame.m; sourceTree = "<group>"; };
		DB9C580B1E48BCBC0010BF6F /* KFVectorFeatureKeyFrame.value */ = {isa = PBXFileReference; fileEncoding = 4; lastKnownFileType = text; path = KFVectorFeatureKeyFrame.value; sourceTree = "<group>"; };
		DB9C580C1E48BCBC0010BF6F /* KFVectorGradientEffect.h */ = {isa = PBXFileReference; fileEncoding = 4; lastKnownFileType = sourcecode.c.h; path = KFVectorGradientEffect.h; sourceTree = "<group>"; };
		DB9C580D1E48BCBC0010BF6F /* KFVectorGradientEffect.m */ = {isa = PBXFileReference; fileEncoding = 4; lastKnownFileType = sourcecode.c.objc; path = KFVectorGradientEffect.m; sourceTree = "<group>"; };
		DB9C580E1E48BCBC0010BF6F /* KFVectorGradientEffect.value */ = {isa = PBXFileReference; fileEncoding = 4; lastKnownFileType = text; path = KFVectorGradientEffect.value; sourceTree = "<group>"; };
		DB9C58101E48BCBC0010BF6F /* fb-copyright-header-comment.js */ = {isa = PBXFileReference; fileEncoding = 4; lastKnownFileType = sourcecode.javascript; path = "fb-copyright-header-comment.js"; sourceTree = "<group>"; };
		DB9C58121E48BCBC0010BF6F /* KFUtilities.h */ = {isa = PBXFileReference; fileEncoding = 4; lastKnownFileType = sourcecode.c.h; path = KFUtilities.h; sourceTree = "<group>"; };
		DB9C58131E48BCBC0010BF6F /* KFUtilities.m */ = {isa = PBXFileReference; fileEncoding = 4; lastKnownFileType = sourcecode.c.objc; path = KFUtilities.m; sourceTree = "<group>"; };
		DB9C58151E48BCBC0010BF6F /* KFVectorAnimationLayer.h */ = {isa = PBXFileReference; fileEncoding = 4; lastKnownFileType = sourcecode.c.h; path = KFVectorAnimationLayer.h; sourceTree = "<group>"; };
		DB9C58161E48BCBC0010BF6F /* KFVectorAnimationLayer.m */ = {isa = PBXFileReference; fileEncoding = 4; lastKnownFileType = sourcecode.c.objc; path = KFVectorAnimationLayer.m; sourceTree = "<group>"; };
		DB9C58171E48BCBC0010BF6F /* KFVectorBitmapFeatureLayer.h */ = {isa = PBXFileReference; fileEncoding = 4; lastKnownFileType = sourcecode.c.h; path = KFVectorBitmapFeatureLayer.h; sourceTree = "<group>"; };
		DB9C58181E48BCBC0010BF6F /* KFVectorBitmapFeatureLayer.m */ = {isa = PBXFileReference; fileEncoding = 4; lastKnownFileType = sourcecode.c.objc; path = KFVectorBitmapFeatureLayer.m; sourceTree = "<group>"; };
		DB9C58191E48BCBC0010BF6F /* KFVectorFeatureLayer.h */ = {isa = PBXFileReference; fileEncoding = 4; lastKnownFileType = sourcecode.c.h; path = KFVectorFeatureLayer.h; sourceTree = "<group>"; };
		DB9C581A1E48BCBC0010BF6F /* KFVectorFeatureLayer.m */ = {isa = PBXFileReference; fileEncoding = 4; lastKnownFileType = sourcecode.c.objc; path = KFVectorFeatureLayer.m; sourceTree = "<group>"; };
		DB9C581B1E48BCBC0010BF6F /* KFVectorFeatureLayerInterface.h */ = {isa = PBXFileReference; fileEncoding = 4; lastKnownFileType = sourcecode.c.h; path = KFVectorFeatureLayerInterface.h; sourceTree = "<group>"; };
		DB9C581C1E48BCBC0010BF6F /* KFVectorGradientFeatureLayer.h */ = {isa = PBXFileReference; fileEncoding = 4; lastKnownFileType = sourcecode.c.h; path = KFVectorGradientFeatureLayer.h; sourceTree = "<group>"; };
		DB9C581D1E48BCBC0010BF6F /* KFVectorGradientFeatureLayer.m */ = {isa = PBXFileReference; fileEncoding = 4; lastKnownFileType = sourcecode.c.objc; path = KFVectorGradientFeatureLayer.m; sourceTree = "<group>"; };
		DB9C581E1E48BCBC0010BF6F /* KFVectorLayer.h */ = {isa = PBXFileReference; fileEncoding = 4; lastKnownFileType = sourcecode.c.h; path = KFVectorLayer.h; sourceTree = "<group>"; };
		DB9C581F1E48BCBC0010BF6F /* KFVectorLayer.m */ = {isa = PBXFileReference; fileEncoding = 4; lastKnownFileType = sourcecode.c.objc; path = KFVectorLayer.m; sourceTree = "<group>"; };
		DB9C58201E48BCBC0010BF6F /* KFVectorLayerHelper.h */ = {isa = PBXFileReference; fileEncoding = 4; lastKnownFileType = sourcecode.c.h; path = KFVectorLayerHelper.h; sourceTree = "<group>"; };
		DB9C58211E48BCBC0010BF6F /* KFVectorLayerHelper.m */ = {isa = PBXFileReference; fileEncoding = 4; lastKnownFileType = sourcecode.c.objc; path = KFVectorLayerHelper.m; sourceTree = "<group>"; };
		DB9C58231E48BCBC0010BF6F /* KFVectorBezierPathsHelper.h */ = {isa = PBXFileReference; fileEncoding = 4; lastKnownFileType = sourcecode.c.h; path = KFVectorBezierPathsHelper.h; sourceTree = "<group>"; };
		DB9C58241E48BCBC0010BF6F /* KFVectorBezierPathsHelper.m */ = {isa = PBXFileReference; fileEncoding = 4; lastKnownFileType = sourcecode.c.objc; path = KFVectorBezierPathsHelper.m; sourceTree = "<group>"; };
		DB9C58251E48BCBC0010BF6F /* KFVectorParsingHelper.h */ = {isa = PBXFileReference; fileEncoding = 4; lastKnownFileType = sourcecode.c.h; path = KFVectorParsingHelper.h; sourceTree = "<group>"; };
		DB9C58261E48BCBC0010BF6F /* KFVectorParsingHelper.m */ = {isa = PBXFileReference; fileEncoding = 4; lastKnownFileType = sourcecode.c.objc; path = KFVectorParsingHelper.m; sourceTree = "<group>"; };
		DB9C58281E48BCBC0010BF6F /* KFVectorView.h */ = {isa = PBXFileReference; fileEncoding = 4; lastKnownFileType = sourcecode.c.h; path = KFVectorView.h; sourceTree = "<group>"; };
		DB9C58291E48BCBC0010BF6F /* KFVectorView.m */ = {isa = PBXFileReference; fileEncoding = 4; lastKnownFileType = sourcecode.c.objc; path = KFVectorView.m; sourceTree = "<group>"; };
/* End PBXFileReference section */

/* Begin PBXFrameworksBuildPhase section */
		D2AAC07C0554694100DB518D /* Frameworks */ = {
			isa = PBXFrameworksBuildPhase;
			buildActionMask = 2147483647;
			files = (
				AACBBE4A0F95108600F1A2B1 /* Foundation.framework in Frameworks */,
			);
			runOnlyForDeploymentPostprocessing = 0;
		};
/* End PBXFrameworksBuildPhase section */

/* Begin PBXGroup section */
		034768DFFF38A50411DB9C8B /* Products */ = {
			isa = PBXGroup;
			children = (
				D2AAC07E0554694100DB518D /* libti.animation.a */,
			);
			name = Products;
			sourceTree = "<group>";
		};
		0867D691FE84028FC02AAC07 /* ti.animation */ = {
			isa = PBXGroup;
			children = (
				08FB77AEFE84172EC02AAC07 /* Classes */,
				32C88DFF0371C24200C91783 /* Other Sources */,
				0867D69AFE84028FC02AAC07 /* Frameworks */,
				034768DFFF38A50411DB9C8B /* Products */,
			);
			name = ti.animation;
			sourceTree = "<group>";
		};
		0867D69AFE84028FC02AAC07 /* Frameworks */ = {
			isa = PBXGroup;
			children = (
				AACBBE490F95108600F1A2B1 /* Foundation.framework */,
			);
			name = Frameworks;
			sourceTree = "<group>";
		};
		08FB77AEFE84172EC02AAC07 /* Classes */ = {
			isa = PBXGroup;
			children = (
				DB9C57911E48BA450010BF6F /* Keyframes */,
				DB9C56FE1E48B77D0010BF6F /* Lottie */,
				24DE9E0F11C5FE74003F90F6 /* TiAnimationModuleAssets.h */,
				24DE9E1011C5FE74003F90F6 /* TiAnimationModuleAssets.m */,
				24DD6CF71134B3F500162E58 /* TiAnimationModule.h */,
				24DD6CF81134B3F500162E58 /* TiAnimationModule.m */,
			);
			name = Classes;
			sourceTree = "<group>";
		};
		32C88DFF0371C24200C91783 /* Other Sources */ = {
			isa = PBXGroup;
			children = (
				AA747D9E0F9514B9006C5449 /* TiAnimation_Prefix.pch */,
				24DD6D1B1134B66800162E58 /* titanium.xcconfig */,
			);
			name = "Other Sources";
			sourceTree = "<group>";
		};
		656304521F3C4A7F00281110 /* AnimatableLayers */ = {
			isa = PBXGroup;
			children = (
				656304531F3C4A7F00281110 /* LOTAnimatableLayer.h */,
				656304541F3C4A7F00281110 /* LOTAnimatableLayer.m */,
				656304551F3C4A7F00281110 /* LOTCompositionLayer.h */,
				656304561F3C4A7F00281110 /* LOTCompositionLayer.m */,
				656304571F3C4A7F00281110 /* LOTEllipseShapeLayer.h */,
				656304581F3C4A7F00281110 /* LOTEllipseShapeLayer.m */,
				656304591F3C4A7F00281110 /* LOTGroupLayerView.h */,
				6563045A1F3C4A7F00281110 /* LOTGroupLayerView.m */,
				6563045B1F3C4A7F00281110 /* LOTLayerView.h */,
				6563045C1F3C4A7F00281110 /* LOTLayerView.m */,
				6563045D1F3C4A7F00281110 /* LOTMaskLayer.h */,
				6563045E1F3C4A7F00281110 /* LOTMaskLayer.m */,
				6563045F1F3C4A7F00281110 /* LOTRectShapeLayer.h */,
				656304601F3C4A7F00281110 /* LOTRectShapeLayer.m */,
				656304611F3C4A7F00281110 /* LOTShapeLayerView.h */,
				656304621F3C4A7F00281110 /* LOTShapeLayerView.m */,
				656304631F3C4A7F00281110 /* LOTStrokeShapeLayer.h */,
				656304641F3C4A7F00281110 /* LOTStrokeShapeLayer.m */,
			);
			name = AnimatableLayers;
			path = Classes/AnimatableLayers;
			sourceTree = "<group>";
		};
		656304651F3C4A7F00281110 /* AnimatableProperties */ = {
			isa = PBXGroup;
			children = (
				656304661F3C4A7F00281110 /* LOTAnimatableBoundsValue.h */,
				656304671F3C4A7F00281110 /* LOTAnimatableBoundsValue.m */,
				656304681F3C4A7F00281110 /* LOTAnimatableColorValue.h */,
				656304691F3C4A7F00281110 /* LOTAnimatableColorValue.m */,
				6563046A1F3C4A7F00281110 /* LOTAnimatableNumberValue.h */,
				6563046B1F3C4A7F00281110 /* LOTAnimatableNumberValue.m */,
				6563046C1F3C4A7F00281110 /* LOTAnimatablePointValue.h */,
				6563046D1F3C4A7F00281110 /* LOTAnimatablePointValue.m */,
				6563046E1F3C4A7F00281110 /* LOTAnimatableScaleValue.h */,
				6563046F1F3C4A7F00281110 /* LOTAnimatableScaleValue.m */,
				656304701F3C4A7F00281110 /* LOTAnimatableShapeValue.h */,
				656304711F3C4A7F00281110 /* LOTAnimatableShapeValue.m */,
				656304721F3C4A7F00281110 /* LOTAnimatableValue.h */,
			);
			name = AnimatableProperties;
			path = Classes/AnimatableProperties;
			sourceTree = "<group>";
		};
		656304731F3C4A7F00281110 /* AnimationCache */ = {
			isa = PBXGroup;
			children = (
				656304741F3C4A7F00281110 /* LOTAnimationCache.h */,
				656304751F3C4A7F00281110 /* LOTAnimationCache.m */,
			);
			name = AnimationCache;
			path = Classes/AnimationCache;
			sourceTree = "<group>";
		};
		656304761F3C4A7F00281110 /* Extensions */ = {
			isa = PBXGroup;
			children = (
				656304771F3C4A7F00281110 /* CAAnimationGroup+LOTAnimatableGroup.h */,
				656304781F3C4A7F00281110 /* CAAnimationGroup+LOTAnimatableGroup.m */,
				656304791F3C4A7F00281110 /* CGGeometry+LOTAdditions.h */,
				6563047A1F3C4A7F00281110 /* CGGeometry+LOTAdditions.m */,
				6563047B1F3C4A7F00281110 /* LOTHelpers.h */,
				6563047C1F3C4A7F00281110 /* UIColor+Expanded.h */,
				6563047D1F3C4A7F00281110 /* UIColor+Expanded.m */,
			);
			name = Extensions;
			path = Classes/Extensions;
			sourceTree = "<group>";
		};
		6563047E1F3C4A7F00281110 /* MacCompatability */ = {
			isa = PBXGroup;
			children = (
				6563047F1F3C4A7F00281110 /* CADisplayLink.h */,
				656304801F3C4A7F00281110 /* CADisplayLink.m */,
				656304811F3C4A7F00281110 /* CALayer+Compat.h */,
				656304821F3C4A7F00281110 /* CALayer+Compat.m */,
				656304831F3C4A7F00281110 /* LOTPlatformCompat.h */,
				656304841F3C4A7F00281110 /* NSValue+Compat.h */,
				656304851F3C4A7F00281110 /* NSValue+Compat.m */,
				656304861F3C4A7F00281110 /* UIBezierPath.h */,
				656304871F3C4A7F00281110 /* UIBezierPath.m */,
				656304881F3C4A7F00281110 /* UIColor.h */,
				656304891F3C4A7F00281110 /* UIColor.m */,
			);
			name = MacCompatability;
			path = Classes/MacCompatability;
			sourceTree = "<group>";
		};
		6563048A1F3C4A7F00281110 /* Models */ = {
			isa = PBXGroup;
			children = (
				6563048B1F3C4A7F00281110 /* LOTAsset.h */,
				6563048C1F3C4A7F00281110 /* LOTAsset.m */,
				6563048D1F3C4A7F00281110 /* LOTAssetGroup.h */,
				6563048E1F3C4A7F00281110 /* LOTAssetGroup.m */,
				6563048F1F3C4A7F00281110 /* LOTComposition.h */,
				656304901F3C4A7F00281110 /* LOTComposition.m */,
				656304911F3C4A7F00281110 /* LOTLayer.h */,
				656304921F3C4A7F00281110 /* LOTLayer.m */,
				656304931F3C4A7F00281110 /* LOTLayerGroup.h */,
				656304941F3C4A7F00281110 /* LOTLayerGroup.m */,
				656304951F3C4A7F00281110 /* LOTMask.h */,
				656304961F3C4A7F00281110 /* LOTMask.m */,
				656304971F3C4A7F00281110 /* LOTModels.h */,
				656304981F3C4A7F00281110 /* LOTShapeCircle.h */,
				656304991F3C4A7F00281110 /* LOTShapeCircle.m */,
				6563049A1F3C4A7F00281110 /* LOTShapeFill.h */,
				6563049B1F3C4A7F00281110 /* LOTShapeFill.m */,
				6563049C1F3C4A7F00281110 /* LOTShapeGroup.h */,
				6563049D1F3C4A7F00281110 /* LOTShapeGroup.m */,
				6563049E1F3C4A7F00281110 /* LOTShapePath.h */,
				6563049F1F3C4A7F00281110 /* LOTShapePath.m */,
				656304A01F3C4A7F00281110 /* LOTShapeRectangle.h */,
				656304A11F3C4A7F00281110 /* LOTShapeRectangle.m */,
				656304A21F3C4A7F00281110 /* LOTShapeStroke.h */,
				656304A31F3C4A7F00281110 /* LOTShapeStroke.m */,
				656304A41F3C4A7F00281110 /* LOTShapeTransform.h */,
				656304A51F3C4A7F00281110 /* LOTShapeTransform.m */,
				656304A61F3C4A7F00281110 /* LOTShapeTrimPath.h */,
				656304A71F3C4A7F00281110 /* LOTShapeTrimPath.m */,
			);
			name = Models;
			path = Classes/Models;
			sourceTree = "<group>";
		};
		656304A81F3C4A7F00281110 /* Private */ = {
			isa = PBXGroup;
			children = (
				656304A91F3C4A7F00281110 /* LOTAnimationTransitionController.m */,
				656304AA1F3C4A7F00281110 /* LOTAnimationView.m */,
				656304AB1F3C4A7F00281110 /* LOTAnimationView_Internal.h */,
			);
			name = Private;
			path = Classes/Private;
			sourceTree = "<group>";
		};
		656304AC1F3C4A7F00281110 /* PublicHeaders */ = {
			isa = PBXGroup;
			children = (
				656304AD1F3C4A7F00281110 /* LOTAnimationTransitionController.h */,
				656304AE1F3C4A7F00281110 /* LOTAnimationView.h */,
				656304AF1F3C4A7F00281110 /* LOTAnimationView_Compat.h */,
				656304B01F3C4A7F00281110 /* Lottie.h */,
			);
			name = PublicHeaders;
			path = Classes/PublicHeaders;
			sourceTree = "<group>";
		};
		DB9C56FE1E48B77D0010BF6F /* Lottie */ = {
			isa = PBXGroup;
			children = (
				DBE73DC21E7D464A00B12638 /* lottie-ios */,
				DB9C57471E48B77D0010BF6F /* TiAnimationLottieView.h */,
				DB9C57481E48B77D0010BF6F /* TiAnimationLottieView.m */,
				DB9C57491E48B77D0010BF6F /* TiAnimationLottieViewProxy.h */,
				DB9C574A1E48B77D0010BF6F /* TiAnimationLottieViewProxy.m */,
			);
			name = Lottie;
			path = Classes/Lottie;
			sourceTree = "<group>";
		};
		DB9C57911E48BA450010BF6F /* Keyframes */ = {
			isa = PBXGroup;
			children = (
				DB9C57921E48BA9D0010BF6F /* keyframes-ios */,
				DB9C57C51E48BA9D0010BF6F /* TiAnimationKeyframeView.h */,
				DB9C57C61E48BA9D0010BF6F /* TiAnimationKeyframeView.m */,
				DB9C57C71E48BA9D0010BF6F /* TiAnimationKeyframeViewProxy.h */,
				DB9C57C81E48BA9D0010BF6F /* TiAnimationKeyframeViewProxy.m */,
			);
			name = Keyframes;
			sourceTree = "<group>";
		};
		DB9C57921E48BA9D0010BF6F /* keyframes-ios */ = {
			isa = PBXGroup;
			children = (
				DB9C57F01E48BCBC0010BF6F /* Compatibility */,
				DB9C57F81E48BCBC0010BF6F /* DataModel */,
				DB9C58111E48BCBC0010BF6F /* Helpers */,
				DB9C58141E48BCBC0010BF6F /* Layers */,
				DB9C58221E48BCBC0010BF6F /* ParsingHelpers */,
				DB9C58271E48BCBC0010BF6F /* Views */,
			);
			name = "keyframes-ios";
			path = "Classes/Keyframes/keyframes-ios";
			sourceTree = "<group>";
		};
		DB9C57F01E48BCBC0010BF6F /* Compatibility */ = {
			isa = PBXGroup;
			children = (
				DB9C57F11E48BCBC0010BF6F /* Compatibility.h */,
				DB9C57F21E48BCBC0010BF6F /* NSBezierPath+PlatformCompatibility.h */,
				DB9C57F31E48BCBC0010BF6F /* NSBezierPath+PlatformCompatibility.m */,
				DB9C57F41E48BCBC0010BF6F /* NSImage+PlatformCompatibility.h */,
				DB9C57F51E48BCBC0010BF6F /* NSImage+PlatformCompatibility.m */,
				DB9C57F61E48BCBC0010BF6F /* NSValue+PlatformCompatibility.h */,
				DB9C57F71E48BCBC0010BF6F /* NSValue+PlatformCompatibility.m */,
			);
			path = Compatibility;
			sourceTree = "<group>";
		};
		DB9C57F81E48BCBC0010BF6F /* DataModel */ = {
			isa = PBXGroup;
			children = (
				DB9C57F91E48BCBC0010BF6F /* .valueObjectConfig */,
				DB9C57FA1E48BCBC0010BF6F /* KFVector.h */,
				DB9C57FB1E48BCBC0010BF6F /* KFVector.m */,
				DB9C57FC1E48BCBC0010BF6F /* KFVector.value */,
				DB9C57FD1E48BCBC0010BF6F /* KFVectorAnimation.h */,
				DB9C57FE1E48BCBC0010BF6F /* KFVectorAnimation.m */,
				DB9C57FF1E48BCBC0010BF6F /* KFVectorAnimation.value */,
				DB9C58001E48BCBC0010BF6F /* KFVectorAnimationGroup.h */,
				DB9C58011E48BCBC0010BF6F /* KFVectorAnimationGroup.m */,
				DB9C58021E48BCBC0010BF6F /* KFVectorAnimationGroup.value */,
				DB9C58031E48BCBC0010BF6F /* KFVectorAnimationKeyValue.h */,
				DB9C58041E48BCBC0010BF6F /* KFVectorAnimationKeyValue.m */,
				DB9C58051E48BCBC0010BF6F /* KFVectorAnimationKeyValue.value */,
				DB9C58061E48BCBC0010BF6F /* KFVectorFeature.h */,
				DB9C58071E48BCBC0010BF6F /* KFVectorFeature.m */,
				DB9C58081E48BCBC0010BF6F /* KFVectorFeature.value */,
				DB9C58091E48BCBC0010BF6F /* KFVectorFeatureKeyFrame.h */,
				DB9C580A1E48BCBC0010BF6F /* KFVectorFeatureKeyFrame.m */,
				DB9C580B1E48BCBC0010BF6F /* KFVectorFeatureKeyFrame.value */,
				DB9C580C1E48BCBC0010BF6F /* KFVectorGradientEffect.h */,
				DB9C580D1E48BCBC0010BF6F /* KFVectorGradientEffect.m */,
				DB9C580E1E48BCBC0010BF6F /* KFVectorGradientEffect.value */,
				DB9C580F1E48BCBC0010BF6F /* remodel-plugins */,
			);
			path = DataModel;
			sourceTree = "<group>";
		};
		DB9C580F1E48BCBC0010BF6F /* remodel-plugins */ = {
			isa = PBXGroup;
			children = (
				DB9C58101E48BCBC0010BF6F /* fb-copyright-header-comment.js */,
			);
			path = "remodel-plugins";
			sourceTree = "<group>";
		};
		DB9C58111E48BCBC0010BF6F /* Helpers */ = {
			isa = PBXGroup;
			children = (
				DB9C58121E48BCBC0010BF6F /* KFUtilities.h */,
				DB9C58131E48BCBC0010BF6F /* KFUtilities.m */,
			);
			path = Helpers;
			sourceTree = "<group>";
		};
		DB9C58141E48BCBC0010BF6F /* Layers */ = {
			isa = PBXGroup;
			children = (
				DB9C58151E48BCBC0010BF6F /* KFVectorAnimationLayer.h */,
				DB9C58161E48BCBC0010BF6F /* KFVectorAnimationLayer.m */,
				DB9C58171E48BCBC0010BF6F /* KFVectorBitmapFeatureLayer.h */,
				DB9C58181E48BCBC0010BF6F /* KFVectorBitmapFeatureLayer.m */,
				DB9C58191E48BCBC0010BF6F /* KFVectorFeatureLayer.h */,
				DB9C581A1E48BCBC0010BF6F /* KFVectorFeatureLayer.m */,
				DB9C581B1E48BCBC0010BF6F /* KFVectorFeatureLayerInterface.h */,
				DB9C581C1E48BCBC0010BF6F /* KFVectorGradientFeatureLayer.h */,
				DB9C581D1E48BCBC0010BF6F /* KFVectorGradientFeatureLayer.m */,
				DB9C581E1E48BCBC0010BF6F /* KFVectorLayer.h */,
				DB9C581F1E48BCBC0010BF6F /* KFVectorLayer.m */,
				DB9C58201E48BCBC0010BF6F /* KFVectorLayerHelper.h */,
				DB9C58211E48BCBC0010BF6F /* KFVectorLayerHelper.m */,
			);
			path = Layers;
			sourceTree = "<group>";
		};
		DB9C58221E48BCBC0010BF6F /* ParsingHelpers */ = {
			isa = PBXGroup;
			children = (
				DB9C58231E48BCBC0010BF6F /* KFVectorBezierPathsHelper.h */,
				DB9C58241E48BCBC0010BF6F /* KFVectorBezierPathsHelper.m */,
				DB9C58251E48BCBC0010BF6F /* KFVectorParsingHelper.h */,
				DB9C58261E48BCBC0010BF6F /* KFVectorParsingHelper.m */,
			);
			path = ParsingHelpers;
			sourceTree = "<group>";
		};
		DB9C58271E48BCBC0010BF6F /* Views */ = {
			isa = PBXGroup;
			children = (
				DB9C58281E48BCBC0010BF6F /* KFVectorView.h */,
				DB9C58291E48BCBC0010BF6F /* KFVectorView.m */,
			);
			path = Views;
			sourceTree = "<group>";
		};
		DBE73DC21E7D464A00B12638 /* lottie-ios */ = {
			isa = PBXGroup;
			children = (
				656304521F3C4A7F00281110 /* AnimatableLayers */,
				656304651F3C4A7F00281110 /* AnimatableProperties */,
				656304731F3C4A7F00281110 /* AnimationCache */,
				656304761F3C4A7F00281110 /* Extensions */,
				6563047E1F3C4A7F00281110 /* MacCompatability */,
				6563048A1F3C4A7F00281110 /* Models */,
				656304A81F3C4A7F00281110 /* Private */,
				656304AC1F3C4A7F00281110 /* PublicHeaders */,
			);
			path = "lottie-ios";
			sourceTree = "<group>";
		};
/* End PBXGroup section */

/* Begin PBXHeadersBuildPhase section */
		D2AAC07A0554694100DB518D /* Headers */ = {
			isa = PBXHeadersBuildPhase;
			buildActionMask = 2147483647;
			files = (
				656304D01F3C4A7F00281110 /* LOTAnimationCache.h in Headers */,
				656304BD1F3C4A7F00281110 /* LOTRectShapeLayer.h in Headers */,
				656304B11F3C4A7F00281110 /* LOTAnimatableLayer.h in Headers */,
				656304C31F3C4A7F00281110 /* LOTAnimatableBoundsValue.h in Headers */,
				DB9C58411E48BCBC0010BF6F /* KFVectorAnimationLayer.h in Headers */,
				DB9C58521E48BCBC0010BF6F /* KFVectorView.h in Headers */,
				DB9C578F1E48B77D0010BF6F /* TiAnimationLottieViewProxy.h in Headers */,
				DB9C582B1E48BCBC0010BF6F /* NSBezierPath+PlatformCompatibility.h in Headers */,
				656304F51F3C4A8000281110 /* LOTShapeGroup.h in Headers */,
				656304B31F3C4A7F00281110 /* LOTCompositionLayer.h in Headers */,
				656305041F3C4A8000281110 /* LOTAnimationTransitionController.h in Headers */,
				656304E81F3C4A7F00281110 /* LOTComposition.h in Headers */,
				656304CB1F3C4A7F00281110 /* LOTAnimatableScaleValue.h in Headers */,
				656304C51F3C4A7F00281110 /* LOTAnimatableColorValue.h in Headers */,
				DB9C58471E48BCBC0010BF6F /* KFVectorFeatureLayerInterface.h in Headers */,
				DB9C58311E48BCBC0010BF6F /* KFVector.h in Headers */,
				DB9C58481E48BCBC0010BF6F /* KFVectorGradientFeatureLayer.h in Headers */,
				656304D41F3C4A7F00281110 /* CGGeometry+LOTAdditions.h in Headers */,
				DB9C58331E48BCBC0010BF6F /* KFVectorAnimation.h in Headers */,
				DB9C57EE1E48BA9D0010BF6F /* TiAnimationKeyframeViewProxy.h in Headers */,
				656304D21F3C4A7F00281110 /* CAAnimationGroup+LOTAnimatableGroup.h in Headers */,
				656304CF1F3C4A7F00281110 /* LOTAnimatableValue.h in Headers */,
				656304C11F3C4A7F00281110 /* LOTStrokeShapeLayer.h in Headers */,
				DB9C58451E48BCBC0010BF6F /* KFVectorFeatureLayer.h in Headers */,
				656304E61F3C4A7F00281110 /* LOTAssetGroup.h in Headers */,
				DB9C58431E48BCBC0010BF6F /* KFVectorBitmapFeatureLayer.h in Headers */,
				656304F11F3C4A8000281110 /* LOTShapeCircle.h in Headers */,
				DB9C583B1E48BCBC0010BF6F /* KFVectorFeatureKeyFrame.h in Headers */,
				656304FD1F3C4A8000281110 /* LOTShapeTransform.h in Headers */,
				DB9C582F1E48BCBC0010BF6F /* NSValue+PlatformCompatibility.h in Headers */,
				DB9C582A1E48BCBC0010BF6F /* Compatibility.h in Headers */,
				DB9C58371E48BCBC0010BF6F /* KFVectorAnimationKeyValue.h in Headers */,
				DB9C57EC1E48BA9D0010BF6F /* TiAnimationKeyframeView.h in Headers */,
				656304EC1F3C4A8000281110 /* LOTLayerGroup.h in Headers */,
				656304F71F3C4A8000281110 /* LOTShapePath.h in Headers */,
				DB9C583F1E48BCBC0010BF6F /* KFUtilities.h in Headers */,
				656304DD1F3C4A7F00281110 /* LOTPlatformCompat.h in Headers */,
				656304DE1F3C4A7F00281110 /* NSValue+Compat.h in Headers */,
				656304F31F3C4A8000281110 /* LOTShapeFill.h in Headers */,
				DB9C583D1E48BCBC0010BF6F /* KFVectorGradientEffect.h in Headers */,
				656304D71F3C4A7F00281110 /* UIColor+Expanded.h in Headers */,
				656304DB1F3C4A7F00281110 /* CALayer+Compat.h in Headers */,
				656304C71F3C4A7F00281110 /* LOTAnimatableNumberValue.h in Headers */,
				656304B71F3C4A7F00281110 /* LOTGroupLayerView.h in Headers */,
				656305051F3C4A8000281110 /* LOTAnimationView.h in Headers */,
				656305061F3C4A8000281110 /* LOTAnimationView_Compat.h in Headers */,
				DB9C582D1E48BCBC0010BF6F /* NSImage+PlatformCompatibility.h in Headers */,
				AA747D9F0F9514B9006C5449 /* TiAnimation_Prefix.pch in Headers */,
				DB9C584C1E48BCBC0010BF6F /* KFVectorLayerHelper.h in Headers */,
				656304CD1F3C4A7F00281110 /* LOTAnimatableShapeValue.h in Headers */,
				656305031F3C4A8000281110 /* LOTAnimationView_Internal.h in Headers */,
				656304B51F3C4A7F00281110 /* LOTEllipseShapeLayer.h in Headers */,
				24DD6CF91134B3F500162E58 /* TiAnimationModule.h in Headers */,
				24DE9E1111C5FE74003F90F6 /* TiAnimationModuleAssets.h in Headers */,
				656304FB1F3C4A8000281110 /* LOTShapeStroke.h in Headers */,
				656305071F3C4A8000281110 /* Lottie.h in Headers */,
				656304D61F3C4A7F00281110 /* LOTHelpers.h in Headers */,
				656304B91F3C4A7F00281110 /* LOTLayerView.h in Headers */,
				656304E21F3C4A7F00281110 /* UIColor.h in Headers */,
				DB9C578D1E48B77D0010BF6F /* TiAnimationLottieView.h in Headers */,
				656304FF1F3C4A8000281110 /* LOTShapeTrimPath.h in Headers */,
				656304BB1F3C4A7F00281110 /* LOTMaskLayer.h in Headers */,
				656304D91F3C4A7F00281110 /* CADisplayLink.h in Headers */,
				656304E41F3C4A7F00281110 /* LOTAsset.h in Headers */,
				656304C91F3C4A7F00281110 /* LOTAnimatablePointValue.h in Headers */,
				DB9C58351E48BCBC0010BF6F /* KFVectorAnimationGroup.h in Headers */,
				DB9C58501E48BCBC0010BF6F /* KFVectorParsingHelper.h in Headers */,
				656304E01F3C4A7F00281110 /* UIBezierPath.h in Headers */,
				DB9C58391E48BCBC0010BF6F /* KFVectorFeature.h in Headers */,
				656304F01F3C4A8000281110 /* LOTModels.h in Headers */,
				656304F91F3C4A8000281110 /* LOTShapeRectangle.h in Headers */,
				656304EA1F3C4A8000281110 /* LOTLayer.h in Headers */,
				656304EE1F3C4A8000281110 /* LOTMask.h in Headers */,
				DB9C584A1E48BCBC0010BF6F /* KFVectorLayer.h in Headers */,
				DB9C584E1E48BCBC0010BF6F /* KFVectorBezierPathsHelper.h in Headers */,
				656304BF1F3C4A7F00281110 /* LOTShapeLayerView.h in Headers */,
			);
			runOnlyForDeploymentPostprocessing = 0;
		};
/* End PBXHeadersBuildPhase section */

/* Begin PBXNativeTarget section */
		D2AAC07D0554694100DB518D /* ti.animation */ = {
			isa = PBXNativeTarget;
			buildConfigurationList = 1DEB921E08733DC00010E9CD /* Build configuration list for PBXNativeTarget "ti.animation" */;
			buildPhases = (
				D2AAC07A0554694100DB518D /* Headers */,
				D2AAC07B0554694100DB518D /* Sources */,
				D2AAC07C0554694100DB518D /* Frameworks */,
			);
			buildRules = (
			);
			dependencies = (
			);
			name = ti.animation;
			productName = ti.animation;
			productReference = D2AAC07E0554694100DB518D /* libti.animation.a */;
			productType = "com.apple.product-type.library.static";
		};
/* End PBXNativeTarget section */

/* Begin PBXProject section */
		0867D690FE84028FC02AAC07 /* Project object */ = {
			isa = PBXProject;
			attributes = {
				LastUpgradeCheck = 0900;
			};
			buildConfigurationList = 1DEB922208733DC00010E9CD /* Build configuration list for PBXProject "ti.animation" */;
			compatibilityVersion = "Xcode 3.2";
			developmentRegion = English;
			hasScannedForEncodings = 1;
			knownRegions = (
				English,
				Japanese,
				French,
				German,
			);
			mainGroup = 0867D691FE84028FC02AAC07 /* ti.animation */;
			productRefGroup = 034768DFFF38A50411DB9C8B /* Products */;
			projectDirPath = "";
			projectRoot = "";
			targets = (
				D2AAC07D0554694100DB518D /* ti.animation */,
				24416B8111C4CA220047AFDD /* Build & Test */,
			);
		};
/* End PBXProject section */

/* Begin PBXShellScriptBuildPhase section */
		24416B8011C4CA220047AFDD /* ShellScript */ = {
			isa = PBXShellScriptBuildPhase;
			buildActionMask = 2147483647;
			files = (
			);
			inputPaths = (
			);
			outputPaths = (
			);
			runOnlyForDeploymentPostprocessing = 0;
			shellPath = /bin/sh;
			shellScript = "# shell script goes here\n\npython \"${TITANIUM_SDK}/titanium.py\" run --dir=\"${PROJECT_DIR}\"\nexit $?\n";
		};
/* End PBXShellScriptBuildPhase section */

/* Begin PBXSourcesBuildPhase section */
		D2AAC07B0554694100DB518D /* Sources */ = {
			isa = PBXSourcesBuildPhase;
			buildActionMask = 2147483647;
			files = (
				656304FE1F3C4A8000281110 /* LOTShapeTransform.m in Sources */,
				656304DA1F3C4A7F00281110 /* CADisplayLink.m in Sources */,
				24DD6CFA1134B3F500162E58 /* TiAnimationModule.m in Sources */,
				656305021F3C4A8000281110 /* LOTAnimationView.m in Sources */,
				656305011F3C4A8000281110 /* LOTAnimationTransitionController.m in Sources */,
				656304BC1F3C4A7F00281110 /* LOTMaskLayer.m in Sources */,
				656304E31F3C4A7F00281110 /* UIColor.m in Sources */,
				DB9C582C1E48BCBC0010BF6F /* NSBezierPath+PlatformCompatibility.m in Sources */,
				DB9C58511E48BCBC0010BF6F /* KFVectorParsingHelper.m in Sources */,
				656304D31F3C4A7F00281110 /* CAAnimationGroup+LOTAnimatableGroup.m in Sources */,
				DB9C58341E48BCBC0010BF6F /* KFVectorAnimation.m in Sources */,
				DB9C58421E48BCBC0010BF6F /* KFVectorAnimationLayer.m in Sources */,
				656304CC1F3C4A7F00281110 /* LOTAnimatableScaleValue.m in Sources */,
				656304D11F3C4A7F00281110 /* LOTAnimationCache.m in Sources */,
				656304D81F3C4A7F00281110 /* UIColor+Expanded.m in Sources */,
				656304F21F3C4A8000281110 /* LOTShapeCircle.m in Sources */,
				656304ED1F3C4A8000281110 /* LOTLayerGroup.m in Sources */,
				24DE9E1211C5FE74003F90F6 /* TiAnimationModuleAssets.m in Sources */,
				656304C21F3C4A7F00281110 /* LOTStrokeShapeLayer.m in Sources */,
				656304EF1F3C4A8000281110 /* LOTMask.m in Sources */,
				DB9C58441E48BCBC0010BF6F /* KFVectorBitmapFeatureLayer.m in Sources */,
				656304EB1F3C4A8000281110 /* LOTLayer.m in Sources */,
				DB9C584F1E48BCBC0010BF6F /* KFVectorBezierPathsHelper.m in Sources */,
				656304B81F3C4A7F00281110 /* LOTGroupLayerView.m in Sources */,
				656304FC1F3C4A8000281110 /* LOTShapeStroke.m in Sources */,
				DB9C582E1E48BCBC0010BF6F /* NSImage+PlatformCompatibility.m in Sources */,
				656304D51F3C4A7F00281110 /* CGGeometry+LOTAdditions.m in Sources */,
				DB9C584D1E48BCBC0010BF6F /* KFVectorLayerHelper.m in Sources */,
				DB9C584B1E48BCBC0010BF6F /* KFVectorLayer.m in Sources */,
				656304CA1F3C4A7F00281110 /* LOTAnimatablePointValue.m in Sources */,
				656304C81F3C4A7F00281110 /* LOTAnimatableNumberValue.m in Sources */,
				DB9C58381E48BCBC0010BF6F /* KFVectorAnimationKeyValue.m in Sources */,
				656304B41F3C4A7F00281110 /* LOTCompositionLayer.m in Sources */,
				656304DF1F3C4A7F00281110 /* NSValue+Compat.m in Sources */,
				DB9C58401E48BCBC0010BF6F /* KFUtilities.m in Sources */,
				656304B21F3C4A7F00281110 /* LOTAnimatableLayer.m in Sources */,
				656304C41F3C4A7F00281110 /* LOTAnimatableBoundsValue.m in Sources */,
				656304DC1F3C4A7F00281110 /* CALayer+Compat.m in Sources */,
				DB9C583C1E48BCBC0010BF6F /* KFVectorFeatureKeyFrame.m in Sources */,
				656304CE1F3C4A7F00281110 /* LOTAnimatableShapeValue.m in Sources */,
				DB9C58361E48BCBC0010BF6F /* KFVectorAnimationGroup.m in Sources */,
				DB9C58461E48BCBC0010BF6F /* KFVectorFeatureLayer.m in Sources */,
				656304F41F3C4A8000281110 /* LOTShapeFill.m in Sources */,
				656304E51F3C4A7F00281110 /* LOTAsset.m in Sources */,
				656304F61F3C4A8000281110 /* LOTShapeGroup.m in Sources */,
				DB9C58491E48BCBC0010BF6F /* KFVectorGradientFeatureLayer.m in Sources */,
				DB9C583E1E48BCBC0010BF6F /* KFVectorGradientEffect.m in Sources */,
				656304C01F3C4A7F00281110 /* LOTShapeLayerView.m in Sources */,
				656304E71F3C4A7F00281110 /* LOTAssetGroup.m in Sources */,
				DB9C583A1E48BCBC0010BF6F /* KFVectorFeature.m in Sources */,
				DB9C57ED1E48BA9D0010BF6F /* TiAnimationKeyframeView.m in Sources */,
				656304E11F3C4A7F00281110 /* UIBezierPath.m in Sources */,
				656304BA1F3C4A7F00281110 /* LOTLayerView.m in Sources */,
				DB9C578E1E48B77D0010BF6F /* TiAnimationLottieView.m in Sources */,
				DB9C57901E48B77D0010BF6F /* TiAnimationLottieViewProxy.m in Sources */,
				656304E91F3C4A7F00281110 /* LOTComposition.m in Sources */,
				656305001F3C4A8000281110 /* LOTShapeTrimPath.m in Sources */,
				656304BE1F3C4A7F00281110 /* LOTRectShapeLayer.m in Sources */,
				656304B61F3C4A7F00281110 /* LOTEllipseShapeLayer.m in Sources */,
				656304F81F3C4A8000281110 /* LOTShapePath.m in Sources */,
				DB9C58531E48BCBC0010BF6F /* KFVectorView.m in Sources */,
				DB9C58301E48BCBC0010BF6F /* NSValue+PlatformCompatibility.m in Sources */,
				DB9C57EF1E48BA9D0010BF6F /* TiAnimationKeyframeViewProxy.m in Sources */,
				DB9C58321E48BCBC0010BF6F /* KFVector.m in Sources */,
				656304C61F3C4A7F00281110 /* LOTAnimatableColorValue.m in Sources */,
				656304FA1F3C4A8000281110 /* LOTShapeRectangle.m in Sources */,
			);
			runOnlyForDeploymentPostprocessing = 0;
		};
/* End PBXSourcesBuildPhase section */

/* Begin PBXTargetDependency section */
		24416B8511C4CA280047AFDD /* PBXTargetDependency */ = {
			isa = PBXTargetDependency;
			target = D2AAC07D0554694100DB518D /* ti.animation */;
			targetProxy = 24416B8411C4CA280047AFDD /* PBXContainerItemProxy */;
		};
/* End PBXTargetDependency section */

/* Begin XCBuildConfiguration section */
		1DEB921F08733DC00010E9CD /* Debug */ = {
			isa = XCBuildConfiguration;
			baseConfigurationReference = 24DD6D1B1134B66800162E58 /* titanium.xcconfig */;
			buildSettings = {
				CLANG_ENABLE_OBJC_ARC = YES;
				CODE_SIGN_IDENTITY = "iPhone Developer";
				"CODE_SIGN_IDENTITY[sdk=iphoneos*]" = "iPhone Developer";
				DSTROOT = /tmp/TiAnimation.dst;
				GCC_C_LANGUAGE_STANDARD = gnu99;
				GCC_OPTIMIZATION_LEVEL = 0;
				GCC_PRECOMPILE_PREFIX_HEADER = YES;
				GCC_PREFIX_HEADER = TiAnimation_Prefix.pch;
				GCC_PREPROCESSOR_DEFINITIONS = "TI_VERSION=$(TI_VERSION)";
				GCC_TREAT_WARNINGS_AS_ERRORS = NO;
				GCC_VERSION = "";
				GCC_WARN_ABOUT_RETURN_TYPE = NO;
				GCC_WARN_MISSING_PARENTHESES = NO;
				GCC_WARN_SHADOW = NO;
				GCC_WARN_STRICT_SELECTOR_MATCH = NO;
				GCC_WARN_UNUSED_FUNCTION = YES;
				GCC_WARN_UNUSED_PARAMETER = NO;
				GCC_WARN_UNUSED_VALUE = NO;
				GCC_WARN_UNUSED_VARIABLE = NO;
				INSTALL_PATH = /usr/local/lib;
				IPHONEOS_DEPLOYMENT_TARGET = 8.0;
				LIBRARY_SEARCH_PATHS = "";
				OTHER_CFLAGS = (
					"-DDEBUG",
					"-DTI_POST_1_2",
				);
				OTHER_LDFLAGS = "-ObjC";
				PRODUCT_NAME = ti.animation;
				PROVISIONING_PROFILE = "";
				"PROVISIONING_PROFILE[sdk=iphoneos*]" = "";
				RUN_CLANG_STATIC_ANALYZER = NO;
				SDKROOT = iphoneos;
				USER_HEADER_SEARCH_PATHS = "";
			};
			name = Debug;
		};
		1DEB922008733DC00010E9CD /* Release */ = {
			isa = XCBuildConfiguration;
			baseConfigurationReference = 24DD6D1B1134B66800162E58 /* titanium.xcconfig */;
			buildSettings = {
				ALWAYS_SEARCH_USER_PATHS = NO;
				CLANG_ENABLE_OBJC_ARC = YES;
				DSTROOT = /tmp/TiAnimation.dst;
				GCC_C_LANGUAGE_STANDARD = gnu99;
				GCC_MODEL_TUNING = G5;
				GCC_PRECOMPILE_PREFIX_HEADER = YES;
				GCC_PREFIX_HEADER = TiAnimation_Prefix.pch;
				GCC_PREPROCESSOR_DEFINITIONS = "TI_VERSION=$(TI_VERSION)";
				GCC_TREAT_WARNINGS_AS_ERRORS = NO;
				GCC_VERSION = "";
				GCC_WARN_ABOUT_RETURN_TYPE = NO;
				GCC_WARN_MISSING_PARENTHESES = NO;
				GCC_WARN_SHADOW = NO;
				GCC_WARN_STRICT_SELECTOR_MATCH = NO;
				GCC_WARN_UNUSED_FUNCTION = YES;
				GCC_WARN_UNUSED_PARAMETER = NO;
				GCC_WARN_UNUSED_VALUE = NO;
				GCC_WARN_UNUSED_VARIABLE = NO;
				INSTALL_PATH = /usr/local/lib;
				IPHONEOS_DEPLOYMENT_TARGET = 8.0;
				LIBRARY_SEARCH_PATHS = "";
				OTHER_CFLAGS = "-DTI_POST_1_2";
				OTHER_LDFLAGS = "-ObjC";
				PRODUCT_NAME = ti.animation;
				RUN_CLANG_STATIC_ANALYZER = NO;
				SDKROOT = iphoneos;
				USER_HEADER_SEARCH_PATHS = "";
			};
			name = Release;
		};
		1DEB922308733DC00010E9CD /* Debug */ = {
			isa = XCBuildConfiguration;
			baseConfigurationReference = 24DD6D1B1134B66800162E58 /* titanium.xcconfig */;
			buildSettings = {
				CLANG_ALLOW_NON_MODULAR_INCLUDES_IN_FRAMEWORK_MODULES = NO;
				CLANG_ANALYZER_LOCALIZABILITY_NONLOCALIZED = YES;
				CLANG_CXX_LIBRARY = "compiler-default";
				CLANG_ENABLE_MODULES = YES;
				CLANG_WARN_BLOCK_CAPTURE_AUTORELEASING = YES;
				CLANG_WARN_BOOL_CONVERSION = YES;
				CLANG_WARN_COMMA = YES;
				CLANG_WARN_CONSTANT_CONVERSION = YES;
				CLANG_WARN_EMPTY_BODY = YES;
				CLANG_WARN_ENUM_CONVERSION = YES;
				CLANG_WARN_INFINITE_RECURSION = YES;
				CLANG_WARN_INT_CONVERSION = YES;
				CLANG_WARN_NON_LITERAL_NULL_CONVERSION = YES;
				CLANG_WARN_OBJC_LITERAL_CONVERSION = YES;
				CLANG_WARN_RANGE_LOOP_ANALYSIS = YES;
				CLANG_WARN_STRICT_PROTOTYPES = YES;
				CLANG_WARN_SUSPICIOUS_MOVE = YES;
				CLANG_WARN_UNREACHABLE_CODE = YES;
				CLANG_WARN__DUPLICATE_METHOD_MATCH = YES;
				CODE_SIGN_IDENTITY = "iPhone Developer";
				"CODE_SIGN_IDENTITY[sdk=iphoneos*]" = "iPhone Developer";
				DSTROOT = /tmp/TiAnimation.dst;
				ENABLE_STRICT_OBJC_MSGSEND = YES;
				ENABLE_TESTABILITY = YES;
				GCC_C_LANGUAGE_STANDARD = c99;
				GCC_NO_COMMON_BLOCKS = YES;
				GCC_OPTIMIZATION_LEVEL = 0;
				GCC_PRECOMPILE_PREFIX_HEADER = YES;
				GCC_PREFIX_HEADER = TiAnimation_Prefix.pch;
				GCC_PREPROCESSOR_DEFINITIONS = "TI_VERSION=$(TI_VERSION)";
				GCC_TREAT_WARNINGS_AS_ERRORS = NO;
				GCC_VERSION = "";
				GCC_WARN_64_TO_32_BIT_CONVERSION = YES;
				GCC_WARN_ABOUT_RETURN_TYPE = NO;
				GCC_WARN_MISSING_PARENTHESES = NO;
				GCC_WARN_SHADOW = NO;
				GCC_WARN_STRICT_SELECTOR_MATCH = NO;
				GCC_WARN_UNDECLARED_SELECTOR = YES;
				GCC_WARN_UNINITIALIZED_AUTOS = YES;
				GCC_WARN_UNUSED_FUNCTION = YES;
				GCC_WARN_UNUSED_PARAMETER = NO;
				GCC_WARN_UNUSED_VALUE = NO;
				GCC_WARN_UNUSED_VARIABLE = NO;
				INSTALL_PATH = /usr/local/lib;
				ONLY_ACTIVE_ARCH = YES;
				OTHER_CFLAGS = (
					"-DDEBUG",
					"-DTI_POST_1_2",
				);
				OTHER_LDFLAGS = "-ObjC";
				PRODUCT_NAME = ti.animation;
				PROVISIONING_PROFILE = "";
				"PROVISIONING_PROFILE[sdk=iphoneos*]" = "";
				RUN_CLANG_STATIC_ANALYZER = NO;
				SDKROOT = iphoneos;
				USER_HEADER_SEARCH_PATHS = "";
			};
			name = Debug;
		};
		1DEB922408733DC00010E9CD /* Release */ = {
			isa = XCBuildConfiguration;
			baseConfigurationReference = 24DD6D1B1134B66800162E58 /* titanium.xcconfig */;
			buildSettings = {
				ALWAYS_SEARCH_USER_PATHS = NO;
				CLANG_ALLOW_NON_MODULAR_INCLUDES_IN_FRAMEWORK_MODULES = NO;
				CLANG_ANALYZER_LOCALIZABILITY_NONLOCALIZED = YES;
				CLANG_CXX_LIBRARY = "compiler-default";
				CLANG_ENABLE_MODULES = YES;
				CLANG_WARN_BLOCK_CAPTURE_AUTORELEASING = YES;
				CLANG_WARN_BOOL_CONVERSION = YES;
				CLANG_WARN_COMMA = YES;
				CLANG_WARN_CONSTANT_CONVERSION = YES;
				CLANG_WARN_EMPTY_BODY = YES;
				CLANG_WARN_ENUM_CONVERSION = YES;
				CLANG_WARN_INFINITE_RECURSION = YES;
				CLANG_WARN_INT_CONVERSION = YES;
				CLANG_WARN_NON_LITERAL_NULL_CONVERSION = YES;
				CLANG_WARN_OBJC_LITERAL_CONVERSION = YES;
				CLANG_WARN_RANGE_LOOP_ANALYSIS = YES;
				CLANG_WARN_STRICT_PROTOTYPES = YES;
				CLANG_WARN_SUSPICIOUS_MOVE = YES;
				CLANG_WARN_UNREACHABLE_CODE = YES;
				CLANG_WARN__DUPLICATE_METHOD_MATCH = YES;
				DSTROOT = /tmp/TiAnimation.dst;
				ENABLE_STRICT_OBJC_MSGSEND = YES;
				GCC_C_LANGUAGE_STANDARD = c99;
				GCC_MODEL_TUNING = G5;
				GCC_NO_COMMON_BLOCKS = YES;
				GCC_PRECOMPILE_PREFIX_HEADER = YES;
				GCC_PREFIX_HEADER = TiAnimation_Prefix.pch;
				GCC_PREPROCESSOR_DEFINITIONS = "TI_VERSION=$(TI_VERSION)";
				GCC_TREAT_WARNINGS_AS_ERRORS = NO;
				GCC_VERSION = "";
				GCC_WARN_64_TO_32_BIT_CONVERSION = YES;
				GCC_WARN_ABOUT_RETURN_TYPE = NO;
				GCC_WARN_MISSING_PARENTHESES = NO;
				GCC_WARN_SHADOW = NO;
				GCC_WARN_STRICT_SELECTOR_MATCH = NO;
				GCC_WARN_UNDECLARED_SELECTOR = YES;
				GCC_WARN_UNINITIALIZED_AUTOS = YES;
				GCC_WARN_UNUSED_FUNCTION = YES;
				GCC_WARN_UNUSED_PARAMETER = NO;
				GCC_WARN_UNUSED_VALUE = NO;
				GCC_WARN_UNUSED_VARIABLE = NO;
				INSTALL_PATH = /usr/local/lib;
				IPHONEOS_DEPLOYMENT_TARGET = 8.0;
				OTHER_CFLAGS = "-DTI_POST_1_2";
				OTHER_LDFLAGS = "-ObjC";
				PRODUCT_NAME = ti.animation;
				RUN_CLANG_STATIC_ANALYZER = NO;
				SDKROOT = iphoneos;
				USER_HEADER_SEARCH_PATHS = "";
			};
			name = Release;
		};
		24416B8211C4CA220047AFDD /* Debug */ = {
			isa = XCBuildConfiguration;
			baseConfigurationReference = 24DD6D1B1134B66800162E58 /* titanium.xcconfig */;
			buildSettings = {
				COPY_PHASE_STRIP = NO;
				GCC_DYNAMIC_NO_PIC = NO;
				GCC_OPTIMIZATION_LEVEL = 0;
				PRODUCT_NAME = "Build & test";
			};
			name = Debug;
		};
		24416B8311C4CA220047AFDD /* Release */ = {
			isa = XCBuildConfiguration;
			baseConfigurationReference = 24DD6D1B1134B66800162E58 /* titanium.xcconfig */;
			buildSettings = {
				COPY_PHASE_STRIP = YES;
				DEBUG_INFORMATION_FORMAT = "dwarf-with-dsym";
				GCC_ENABLE_FIX_AND_CONTINUE = NO;
				PRODUCT_NAME = "Build & test";
				ZERO_LINK = NO;
			};
			name = Release;
		};
/* End XCBuildConfiguration section */

/* Begin XCConfigurationList section */
		1DEB921E08733DC00010E9CD /* Build configuration list for PBXNativeTarget "ti.animation" */ = {
			isa = XCConfigurationList;
			buildConfigurations = (
				1DEB921F08733DC00010E9CD /* Debug */,
				1DEB922008733DC00010E9CD /* Release */,
			);
			defaultConfigurationIsVisible = 0;
			defaultConfigurationName = Release;
		};
		1DEB922208733DC00010E9CD /* Build configuration list for PBXProject "ti.animation" */ = {
			isa = XCConfigurationList;
			buildConfigurations = (
				1DEB922308733DC00010E9CD /* Debug */,
				1DEB922408733DC00010E9CD /* Release */,
			);
			defaultConfigurationIsVisible = 0;
			defaultConfigurationName = Release;
		};
		24416B8A11C4CA520047AFDD /* Build configuration list for PBXAggregateTarget "Build & Test" */ = {
			isa = XCConfigurationList;
			buildConfigurations = (
				24416B8211C4CA220047AFDD /* Debug */,
				24416B8311C4CA220047AFDD /* Release */,
			);
			defaultConfigurationIsVisible = 0;
			defaultConfigurationName = Release;
		};
/* End XCConfigurationList section */
	};
	rootObject = 0867D690FE84028FC02AAC07 /* Project object */;
}
